// !$*UTF8*$!
{
	archiveVersion = 1;
	classes = {
	};
	objectVersion = 46;
	objects = {

/* Begin PBXBuildFile section */
		9E3BE07A1463673200F7B763 /* MainWindow_iPhone.xib in Resources */ = {isa = PBXBuildFile; fileRef = 9E3BE0761463673200F7B763 /* MainWindow_iPhone.xib */; };
		9E3BE07B1463673200F7B763 /* StixxAppDelegate_iPhone.m in Sources */ = {isa = PBXBuildFile; fileRef = 9E3BE0791463673200F7B763 /* StixxAppDelegate_iPhone.m */; };
		9E5383761460C13D00C1D354 /* UIImage+Alpha.m in Sources */ = {isa = PBXBuildFile; fileRef = 9E5383711460C13D00C1D354 /* UIImage+Alpha.m */; };
		9E5383771460C13D00C1D354 /* UIImage+Resize.m in Sources */ = {isa = PBXBuildFile; fileRef = 9E5383731460C13D00C1D354 /* UIImage+Resize.m */; };
		9E5383781460C13D00C1D354 /* UIImage+RoundedCorner.m in Sources */ = {isa = PBXBuildFile; fileRef = 9E5383751460C13D00C1D354 /* UIImage+RoundedCorner.m */; };
		9E54BAC01487377E006F24B6 /* btn_join.png in Resources */ = {isa = PBXBuildFile; fileRef = 9E54BABE1487377E006F24B6 /* btn_join.png */; };
		9E54BAC11487377E006F24B6 /* btn_login.png in Resources */ = {isa = PBXBuildFile; fileRef = 9E54BABF1487377E006F24B6 /* btn_login.png */; };
		9E54BAC614874D0D006F24B6 /* btn_join_small.png in Resources */ = {isa = PBXBuildFile; fileRef = 9E54BAC214874D0C006F24B6 /* btn_join_small.png */; };
		9E54BAC714874D0D006F24B6 /* btn_login_small.png in Resources */ = {isa = PBXBuildFile; fileRef = 9E54BAC314874D0C006F24B6 /* btn_login_small.png */; };
		9E54BAC814874D0D006F24B6 /* graphic_addpic.png in Resources */ = {isa = PBXBuildFile; fileRef = 9E54BAC414874D0C006F24B6 /* graphic_addpic.png */; };
		9E54BAC914874D0D006F24B6 /* settings.png in Resources */ = {isa = PBXBuildFile; fileRef = 9E54BAC514874D0C006F24B6 /* settings.png */; };
		9E64049B14566F7A0051EB4D /* dropshadow.png in Resources */ = {isa = PBXBuildFile; fileRef = 9E64049A14566F7A0051EB4D /* dropshadow.png */; };
		9E64049D14566F840051EB4D /* instruction_box.png in Resources */ = {isa = PBXBuildFile; fileRef = 9E64049C14566F840051EB4D /* instruction_box.png */; };
		9E64049F14566F8B0051EB4D /* tab_addstix.png in Resources */ = {isa = PBXBuildFile; fileRef = 9E64049E14566F8B0051EB4D /* tab_addstix.png */; };
		9E6404A51456DC680051EB4D /* dropshadow_small.png in Resources */ = {isa = PBXBuildFile; fileRef = 9E6404A41456DC680051EB4D /* dropshadow_small.png */; };
		9E6404AD1456E40F0051EB4D /* tab_addstix_small.png in Resources */ = {isa = PBXBuildFile; fileRef = 9E6404AC1456E40F0051EB4D /* tab_addstix_small.png */; };
		9E7519F21488AB71008F4E2A /* fire_load_side1.png in Resources */ = {isa = PBXBuildFile; fileRef = 9E7519ED1488AB71008F4E2A /* fire_load_side1.png */; };
		9E7519F31488AB71008F4E2A /* fire_load_side2.png in Resources */ = {isa = PBXBuildFile; fileRef = 9E7519EE1488AB71008F4E2A /* fire_load_side2.png */; };
		9E7519F41488AB71008F4E2A /* fire_load_side3.png in Resources */ = {isa = PBXBuildFile; fileRef = 9E7519EF1488AB71008F4E2A /* fire_load_side3.png */; };
		9E7519F51488AB71008F4E2A /* fire_load_side4.png in Resources */ = {isa = PBXBuildFile; fileRef = 9E7519F01488AB71008F4E2A /* fire_load_side4.png */; };
		9E7519F61488AB71008F4E2A /* fire_load_side5.png in Resources */ = {isa = PBXBuildFile; fileRef = 9E7519F11488AB71008F4E2A /* fire_load_side5.png */; };
		9E83C91F148B022100063D43 /* empty_leaf.png in Resources */ = {isa = PBXBuildFile; fileRef = 9E83C91C148B022100063D43 /* empty_leaf.png */; };
		9E83C920148B022100063D43 /* leaf_big.png in Resources */ = {isa = PBXBuildFile; fileRef = 9E83C91D148B022100063D43 /* leaf_big.png */; };
		9E83C921148B022100063D43 /* leaf.png in Resources */ = {isa = PBXBuildFile; fileRef = 9E83C91E148B022100063D43 /* leaf.png */; };
		9E83C930148B38F100063D43 /* graphic_nopic2.png in Resources */ = {isa = PBXBuildFile; fileRef = 9E83C92F148B38F100063D43 /* graphic_nopic2.png */; };
		9E88A499148A8EB400E67864 /* libxml2.2.7.3.dylib in Frameworks */ = {isa = PBXBuildFile; fileRef = 9E88A498148A8EB300E67864 /* libxml2.2.7.3.dylib */; };
		9E91C606147EADDF003567ED /* ZoomViewController.m in Sources */ = {isa = PBXBuildFile; fileRef = 9E91C604147EADDC003567ED /* ZoomViewController.m */; };
		9E91C607147EADDF003567ED /* ZoomViewController.xib in Resources */ = {isa = PBXBuildFile; fileRef = 9E91C605147EADDE003567ED /* ZoomViewController.xib */; };
		9E91C609147EC624003567ED /* dropshadow_300.png in Resources */ = {isa = PBXBuildFile; fileRef = 9E91C608147EC624003567ED /* dropshadow_300.png */; };
		9E91C613147F8782003567ED /* Kumulos.m in Sources */ = {isa = PBXBuildFile; fileRef = 9E91C610147F8782003567ED /* Kumulos.m */; };
		9E91C614147F8782003567ED /* libKumulos_iOS_v0.7.2.a in Frameworks */ = {isa = PBXBuildFile; fileRef = 9E91C611147F8782003567ED /* libKumulos_iOS_v0.7.2.a */; };
		9E91C616147FA1A7003567ED /* dropshadow_140.png in Resources */ = {isa = PBXBuildFile; fileRef = 9E91C615147FA1A7003567ED /* dropshadow_140.png */; };
		9E91C619148044A2003567ED /* RaisedCenterTabBarController.m in Sources */ = {isa = PBXBuildFile; fileRef = 9E91C618148044A0003567ED /* RaisedCenterTabBarController.m */; };
		9E91C61F14817820003567ED /* textured_background.png in Resources */ = {isa = PBXBuildFile; fileRef = 9E91C61E14817820003567ED /* textured_background.png */; };
		9EAF6180145B58BE00CBAC8D /* emptyuser.png in Resources */ = {isa = PBXBuildFile; fileRef = 9EAF617F145B58BE00CBAC8D /* emptyuser.png */; };
		9EB03173142C002E0019F2BD /* UIKit.framework in Frameworks */ = {isa = PBXBuildFile; fileRef = 9EB03172142C002E0019F2BD /* UIKit.framework */; };
		9EB03175142C002E0019F2BD /* Foundation.framework in Frameworks */ = {isa = PBXBuildFile; fileRef = 9EB03174142C002E0019F2BD /* Foundation.framework */; };
		9EB03177142C002E0019F2BD /* CoreGraphics.framework in Frameworks */ = {isa = PBXBuildFile; fileRef = 9EB03176142C002E0019F2BD /* CoreGraphics.framework */; };
		9EB0317D142C002E0019F2BD /* InfoPlist.strings in Resources */ = {isa = PBXBuildFile; fileRef = 9EB0317B142C002E0019F2BD /* InfoPlist.strings */; };
		9EB0317F142C002E0019F2BD /* main.m in Sources */ = {isa = PBXBuildFile; fileRef = 9EB0317E142C002E0019F2BD /* main.m */; };
		9EB03183142C002E0019F2BD /* StixxAppDelegate.m in Sources */ = {isa = PBXBuildFile; fileRef = 9EB03182142C002E0019F2BD /* StixxAppDelegate.m */; };
		9EB0318E142C002E0019F2BD /* StixxAppDelegate_iPad.m in Sources */ = {isa = PBXBuildFile; fileRef = 9EB0318D142C002E0019F2BD /* StixxAppDelegate_iPad.m */; };
		9EB03191142C002E0019F2BD /* MainWindow_iPad.xib in Resources */ = {isa = PBXBuildFile; fileRef = 9EB0318F142C002E0019F2BD /* MainWindow_iPad.xib */; };
		9EB03199142C002E0019F2BD /* SenTestingKit.framework in Frameworks */ = {isa = PBXBuildFile; fileRef = 9EB03198142C002E0019F2BD /* SenTestingKit.framework */; };
		9EB0319A142C002E0019F2BD /* UIKit.framework in Frameworks */ = {isa = PBXBuildFile; fileRef = 9EB03172142C002E0019F2BD /* UIKit.framework */; };
		9EB0319B142C002E0019F2BD /* Foundation.framework in Frameworks */ = {isa = PBXBuildFile; fileRef = 9EB03174142C002E0019F2BD /* Foundation.framework */; };
		9EB0319C142C002E0019F2BD /* CoreGraphics.framework in Frameworks */ = {isa = PBXBuildFile; fileRef = 9EB03176142C002E0019F2BD /* CoreGraphics.framework */; };
		9EB031A4142C002E0019F2BD /* InfoPlist.strings in Resources */ = {isa = PBXBuildFile; fileRef = 9EB031A2142C002E0019F2BD /* InfoPlist.strings */; };
		9EB031A6142C002E0019F2BD /* StixxTests.h in Resources */ = {isa = PBXBuildFile; fileRef = 9EB031A5142C002E0019F2BD /* StixxTests.h */; };
		9EB031A8142C002F0019F2BD /* StixxTests.m in Sources */ = {isa = PBXBuildFile; fileRef = 9EB031A7142C002F0019F2BD /* StixxTests.m */; };
		9EB031E2142C01260019F2BD /* ARCoordinate.m in Sources */ = {isa = PBXBuildFile; fileRef = 9EB031B3142C01260019F2BD /* ARCoordinate.m */; };
		9EB031E4142C01260019F2BD /* ARViewController.m in Sources */ = {isa = PBXBuildFile; fileRef = 9EB031B7142C01260019F2BD /* ARViewController.m */; };
		9EB031E5142C01260019F2BD /* BadgeView.m in Sources */ = {isa = PBXBuildFile; fileRef = 9EB031B9142C01260019F2BD /* BadgeView.m */; };
		9EB031E9142C01260019F2BD /* ProfileViewController.m in Sources */ = {isa = PBXBuildFile; fileRef = 9EB031C0142C01260019F2BD /* ProfileViewController.m */; };
		9EB031EA142C01260019F2BD /* ProfileViewController.xib in Resources */ = {isa = PBXBuildFile; fileRef = 9EB031C1142C01260019F2BD /* ProfileViewController.xib */; };
		9EB031EB142C01260019F2BD /* FeedItemViewController.m in Sources */ = {isa = PBXBuildFile; fileRef = 9EB031C3142C01260019F2BD /* FeedItemViewController.m */; };
		9EB031EC142C01260019F2BD /* FeedItemViewController.xib in Resources */ = {isa = PBXBuildFile; fileRef = 9EB031C4142C01260019F2BD /* FeedItemViewController.xib */; };
		9EB031ED142C01260019F2BD /* FeedViewController.m in Sources */ = {isa = PBXBuildFile; fileRef = 9EB031C6142C01260019F2BD /* FeedViewController.m */; };
		9EB031EE142C01260019F2BD /* FeedViewController.xib in Resources */ = {isa = PBXBuildFile; fileRef = 9EB031C7142C01260019F2BD /* FeedViewController.xib */; };
		9EB031F1142C01260019F2BD /* FileHelpers.m in Sources */ = {isa = PBXBuildFile; fileRef = 9EB031CC142C01260019F2BD /* FileHelpers.m */; };
		9EB031F4142C01260019F2BD /* ImageCache.m in Sources */ = {isa = PBXBuildFile; fileRef = 9EB031D1142C01260019F2BD /* ImageCache.m */; };
		9EB031F5142C01260019F2BD /* LoginViewController.m in Sources */ = {isa = PBXBuildFile; fileRef = 9EB031D3142C01260019F2BD /* LoginViewController.m */; };
		9EB031F6142C01260019F2BD /* LoginViewController.xib in Resources */ = {isa = PBXBuildFile; fileRef = 9EB031D4142C01260019F2BD /* LoginViewController.xib */; };
		9EB031F7142C01260019F2BD /* Tag.m in Sources */ = {isa = PBXBuildFile; fileRef = 9EB031D6142C01260019F2BD /* Tag.m */; };
		9EB031F8142C01260019F2BD /* TagDescriptorController.m in Sources */ = {isa = PBXBuildFile; fileRef = 9EB031D8142C01260019F2BD /* TagDescriptorController.m */; };
		9EB031F9142C01260019F2BD /* TagDescriptorController.xib in Resources */ = {isa = PBXBuildFile; fileRef = 9EB031D9142C01260019F2BD /* TagDescriptorController.xib */; };
		9EB031FB142C01260019F2BD /* TagViewController.m in Sources */ = {isa = PBXBuildFile; fileRef = 9EB031DD142C01260019F2BD /* TagViewController.m */; };
		9EB031FC142C01260019F2BD /* TagViewController.xib in Resources */ = {isa = PBXBuildFile; fileRef = 9EB031DE142C01260019F2BD /* TagViewController.xib */; };
		9EB0321C142C01340019F2BD /* comment.png in Resources */ = {isa = PBXBuildFile; fileRef = 9EB03201142C01340019F2BD /* comment.png */; };
		9EB0321E142C01340019F2BD /* empty.png in Resources */ = {isa = PBXBuildFile; fileRef = 9EB03203142C01340019F2BD /* empty.png */; };
		9EB0321F142C01340019F2BD /* fire.png in Resources */ = {isa = PBXBuildFile; fileRef = 9EB03204142C01340019F2BD /* fire.png */; };
		9EB03220142C01340019F2BD /* fire_big.png in Resources */ = {isa = PBXBuildFile; fileRef = 9EB03205142C01340019F2BD /* fire_big.png */; };
		9EB03222142C01340019F2BD /* friend1.png in Resources */ = {isa = PBXBuildFile; fileRef = 9EB03207142C01340019F2BD /* friend1.png */; };
		9EB03223142C01340019F2BD /* friend2.png in Resources */ = {isa = PBXBuildFile; fileRef = 9EB03208142C01340019F2BD /* friend2.png */; };
		9EB03224142C01340019F2BD /* friend3.png in Resources */ = {isa = PBXBuildFile; fileRef = 9EB03209142C01340019F2BD /* friend3.png */; };
		9EB03225142C01340019F2BD /* friend4.png in Resources */ = {isa = PBXBuildFile; fileRef = 9EB0320A142C01340019F2BD /* friend4.png */; };
		9EB03226142C01340019F2BD /* ice.png in Resources */ = {isa = PBXBuildFile; fileRef = 9EB0320B142C01340019F2BD /* ice.png */; };
		9EB03227142C01340019F2BD /* ice_big.png in Resources */ = {isa = PBXBuildFile; fileRef = 9EB0320C142C01340019F2BD /* ice_big.png */; };
		9EB03229142C01340019F2BD /* icon_114.png in Resources */ = {isa = PBXBuildFile; fileRef = 9EB0320E142C01340019F2BD /* icon_114.png */; };
		9EB0322B142C01340019F2BD /* location.png in Resources */ = {isa = PBXBuildFile; fileRef = 9EB03210142C01340019F2BD /* location.png */; };
		9EB0322C142C01340019F2BD /* shelf.png in Resources */ = {isa = PBXBuildFile; fileRef = 9EB03211142C01340019F2BD /* shelf.png */; };
		9EB0322D142C01340019F2BD /* splash.png in Resources */ = {isa = PBXBuildFile; fileRef = 9EB03212142C01340019F2BD /* splash.png */; };
		9EB0322E142C01340019F2BD /* stixx.png in Resources */ = {isa = PBXBuildFile; fileRef = 9EB03213142C01340019F2BD /* stixx.png */; };
		9EB0322F142C01340019F2BD /* stixx_feed.jpg in Resources */ = {isa = PBXBuildFile; fileRef = 9EB03214142C01340019F2BD /* stixx_feed.jpg */; };
		9EB03230142C01340019F2BD /* stixx_friends.jpg in Resources */ = {isa = PBXBuildFile; fileRef = 9EB03215142C01340019F2BD /* stixx_friends.jpg */; };
		9EB03231142C01340019F2BD /* tab_feed.png in Resources */ = {isa = PBXBuildFile; fileRef = 9EB03216142C01340019F2BD /* tab_feed.png */; };
		9EB03232142C01340019F2BD /* tab_find.png in Resources */ = {isa = PBXBuildFile; fileRef = 9EB03217142C01340019F2BD /* tab_find.png */; };
		9EB03233142C01340019F2BD /* tab_friends.png in Resources */ = {isa = PBXBuildFile; fileRef = 9EB03218142C01340019F2BD /* tab_friends.png */; };
		9EB03234142C01340019F2BD /* tab_me.png in Resources */ = {isa = PBXBuildFile; fileRef = 9EB03219142C01340019F2BD /* tab_me.png */; };
		9EB03235142C01340019F2BD /* tab_world.png in Resources */ = {isa = PBXBuildFile; fileRef = 9EB0321A142C01340019F2BD /* tab_world.png */; };
		9EB03242142C015A0019F2BD /* CoreLocation.framework in Frameworks */ = {isa = PBXBuildFile; fileRef = 9EB03241142C015A0019F2BD /* CoreLocation.framework */; };
		9EB03244142C01640019F2BD /* QuartzCore.framework in Frameworks */ = {isa = PBXBuildFile; fileRef = 9EB03243142C01640019F2BD /* QuartzCore.framework */; };
		9EB03249142C05D20019F2BD /* BTLFullScreenCameraController.m in Sources */ = {isa = PBXBuildFile; fileRef = 9EB03248142C05D10019F2BD /* BTLFullScreenCameraController.m */; };
		9EB5F680148AA7C000F403D1 /* graphic_nopic.png in Resources */ = {isa = PBXBuildFile; fileRef = 9EB5F67F148AA7C000F403D1 /* graphic_nopic.png */; };
		9EB5F682148AAD7A00F403D1 /* tab_mystix.png in Resources */ = {isa = PBXBuildFile; fileRef = 9EB5F681148AAD7A00F403D1 /* tab_mystix.png */; };
		9EB5F686148AADED00F403D1 /* MyStixViewController.m in Sources */ = {isa = PBXBuildFile; fileRef = 9EB5F684148AADED00F403D1 /* MyStixViewController.m */; };
		9EB5F687148AADED00F403D1 /* MyStixViewController.xib in Resources */ = {isa = PBXBuildFile; fileRef = 9EB5F685148AADED00F403D1 /* MyStixViewController.xib */; };
		9EB5F68D148ABBF000F403D1 /* heart_big.png in Resources */ = {isa = PBXBuildFile; fileRef = 9EB5F68C148ABBF000F403D1 /* heart_big.png */; };
		9EB5F690148AC1CE00F403D1 /* empty_heart.png in Resources */ = {isa = PBXBuildFile; fileRef = 9EB5F68E148AC1CE00F403D1 /* empty_heart.png */; };
		9EB5F691148AC1CE00F403D1 /* empty_leaf.png in Resources */ = {isa = PBXBuildFile; fileRef = 9EB5F68F148AC1CE00F403D1 /* empty_leaf.png */; };
		9EB5FA24144FE5E100B3B0BA /* FriendsViewController.m in Sources */ = {isa = PBXBuildFile; fileRef = 9EB5FA22144FE5E100B3B0BA /* FriendsViewController.m */; };
		9EB5FA25144FE5E100B3B0BA /* FriendsViewController.xib in Resources */ = {isa = PBXBuildFile; fileRef = 9EB5FA23144FE5E100B3B0BA /* FriendsViewController.xib */; };
		9EB8B50514464D5C0066ADB2 /* nav_bar.png in Resources */ = {isa = PBXBuildFile; fileRef = 9EB8B50414464D5C0066ADB2 /* nav_bar.png */; };
		9EB8B52F144E43160066ADB2 /* overlay.png in Resources */ = {isa = PBXBuildFile; fileRef = 9EB8B52E144E43160066ADB2 /* overlay.png */; };
		9EC4337B14392C3B002D095B /* logo.png in Resources */ = {isa = PBXBuildFile; fileRef = 9EC4337A14392C3B002D095B /* logo.png */; };
		9EC6DC33148C788800C7A538 /* txt_actionstix.png in Resources */ = {isa = PBXBuildFile; fileRef = 9EC6DC31148C788800C7A538 /* txt_actionstix.png */; };
		9EC6DC34148C788800C7A538 /* txt_rewardstix.png in Resources */ = {isa = PBXBuildFile; fileRef = 9EC6DC32148C788800C7A538 /* txt_rewardstix.png */; };
		9EC6DC3A148C7C5500C7A538 /* graphic_rules_fire.png in Resources */ = {isa = PBXBuildFile; fileRef = 9EC6DC36148C7C5500C7A538 /* graphic_rules_fire.png */; };
		9EC6DC3B148C7C5500C7A538 /* graphic_rules_heart.png in Resources */ = {isa = PBXBuildFile; fileRef = 9EC6DC37148C7C5500C7A538 /* graphic_rules_heart.png */; };
		9EC6DC3C148C7C5500C7A538 /* graphic_rules_ice.png in Resources */ = {isa = PBXBuildFile; fileRef = 9EC6DC38148C7C5500C7A538 /* graphic_rules_ice.png */; };
		9EC6DC3D148C7C5500C7A538 /* graphic_rules_leaf.png in Resources */ = {isa = PBXBuildFile; fileRef = 9EC6DC39148C7C5500C7A538 /* graphic_rules_leaf.png */; };
		9ECD52331457BF33005CFDBB /* ExploreViewController.m in Sources */ = {isa = PBXBuildFile; fileRef = 9ECD52311457BF32005CFDBB /* ExploreViewController.m */; };
		9ECD52341457BF33005CFDBB /* ExploreViewController.xib in Resources */ = {isa = PBXBuildFile; fileRef = 9ECD52321457BF33005CFDBB /* ExploreViewController.xib */; };
		9ECD52361457D1E1005CFDBB /* tab_location.png in Resources */ = {isa = PBXBuildFile; fileRef = 9ECD52351457D1E1005CFDBB /* tab_location.png */; };
		9ECD5241145A3651005CFDBB /* ToDoList in Resources */ = {isa = PBXBuildFile; fileRef = 9ECD5240145A3651005CFDBB /* ToDoList */; };
		9ECF1C5F145DD4DD00B7F7F1 /* PagedScrollView.m in Sources */ = {isa = PBXBuildFile; fileRef = 9ECF1C5E145DD4DD00B7F7F1 /* PagedScrollView.m */; };
		9EF173BE146A10580073F83B /* Default.png in Resources */ = {isa = PBXBuildFile; fileRef = 9EF173BD146A10570073F83B /* Default.png */; };
		9EF173C0146A10700073F83B /* icon_57.png in Resources */ = {isa = PBXBuildFile; fileRef = 9EF173BF146A10700073F83B /* icon_57.png */; };
		9EF173C3146D01F60073F83B /* OutlineLabel.m in Sources */ = {isa = PBXBuildFile; fileRef = 9EF173C2146D01F30073F83B /* OutlineLabel.m */; };
		9EF297721485B9D400B1782C /* load_bkg.png in Resources */ = {isa = PBXBuildFile; fileRef = 9EF297711485B9D400B1782C /* load_bkg.png */; };
		9EF297761485BAEF00B1782C /* LoadingAnimationView.m in Sources */ = {isa = PBXBuildFile; fileRef = 9EF297751485BAEF00B1782C /* LoadingAnimationView.m */; };
		9EF2977B1485C44D00B1782C /* fire_load1.png in Resources */ = {isa = PBXBuildFile; fileRef = 9EF297771485C44D00B1782C /* fire_load1.png */; };
		9EF2977C1485C44D00B1782C /* fire_load2.png in Resources */ = {isa = PBXBuildFile; fileRef = 9EF297781485C44D00B1782C /* fire_load2.png */; };
		9EF2977D1485C44D00B1782C /* fire_load3.png in Resources */ = {isa = PBXBuildFile; fileRef = 9EF297791485C44D00B1782C /* fire_load3.png */; };
		9EF2977E1485C44D00B1782C /* fire_load4.png in Resources */ = {isa = PBXBuildFile; fileRef = 9EF2977A1485C44D00B1782C /* fire_load4.png */; };
		9EF297801485F3B200B1782C /* dark_cell.png in Resources */ = {isa = PBXBuildFile; fileRef = 9EF2977F1485F3B200B1782C /* dark_cell.png */; };
		9EF297831485F4FC00B1782C /* nav_back.png in Resources */ = {isa = PBXBuildFile; fileRef = 9EF297811485F4FC00B1782C /* nav_back.png */; };
		9EF297841485F4FC00B1782C /* nav_done.png in Resources */ = {isa = PBXBuildFile; fileRef = 9EF297821485F4FC00B1782C /* nav_done.png */; };
		9EF297871485F5BE00B1782C /* arrow.png in Resources */ = {isa = PBXBuildFile; fileRef = 9EF297851485F5BE00B1782C /* arrow.png */; };
		9EF297881485F5BE00B1782C /* input.png in Resources */ = {isa = PBXBuildFile; fileRef = 9EF297861485F5BE00B1782C /* input.png */; };
		9EF2979B1487347C00B1782C /* LoginSplashController.m in Sources */ = {isa = PBXBuildFile; fileRef = 9EF297991487347C00B1782C /* LoginSplashController.m */; };
		9EF2979C1487347C00B1782C /* LoginSplashController.xib in Resources */ = {isa = PBXBuildFile; fileRef = 9EF2979A1487347C00B1782C /* LoginSplashController.xib */; };
/* End PBXBuildFile section */

/* Begin PBXContainerItemProxy section */
		9EB0319D142C002E0019F2BD /* PBXContainerItemProxy */ = {
			isa = PBXContainerItemProxy;
			containerPortal = 9EB03165142C002E0019F2BD /* Project object */;
			proxyType = 1;
			remoteGlobalIDString = 9EB0316D142C002E0019F2BD;
			remoteInfo = Stixx;
		};
/* End PBXContainerItemProxy section */

/* Begin PBXFileReference section */
		9E3BE0771463673200F7B763 /* en */ = {isa = PBXFileReference; lastKnownFileType = file.xib; name = en; path = en.lproj/MainWindow_iPhone.xib; sourceTree = "<group>"; };
		9E3BE0781463673200F7B763 /* StixxAppDelegate_iPhone.h */ = {isa = PBXFileReference; fileEncoding = 4; lastKnownFileType = sourcecode.c.h; path = StixxAppDelegate_iPhone.h; sourceTree = "<group>"; };
		9E3BE0791463673200F7B763 /* StixxAppDelegate_iPhone.m */ = {isa = PBXFileReference; fileEncoding = 4; lastKnownFileType = sourcecode.c.objc; path = StixxAppDelegate_iPhone.m; sourceTree = "<group>"; };
		9E5383701460C13D00C1D354 /* UIImage+Alpha.h */ = {isa = PBXFileReference; fileEncoding = 4; lastKnownFileType = sourcecode.c.h; path = "UIImage+Alpha.h"; sourceTree = "<group>"; };
		9E5383711460C13D00C1D354 /* UIImage+Alpha.m */ = {isa = PBXFileReference; fileEncoding = 4; lastKnownFileType = sourcecode.c.objc; path = "UIImage+Alpha.m"; sourceTree = "<group>"; };
		9E5383721460C13D00C1D354 /* UIImage+Resize.h */ = {isa = PBXFileReference; fileEncoding = 4; lastKnownFileType = sourcecode.c.h; path = "UIImage+Resize.h"; sourceTree = "<group>"; };
		9E5383731460C13D00C1D354 /* UIImage+Resize.m */ = {isa = PBXFileReference; fileEncoding = 4; lastKnownFileType = sourcecode.c.objc; path = "UIImage+Resize.m"; sourceTree = "<group>"; };
		9E5383741460C13D00C1D354 /* UIImage+RoundedCorner.h */ = {isa = PBXFileReference; fileEncoding = 4; lastKnownFileType = sourcecode.c.h; path = "UIImage+RoundedCorner.h"; sourceTree = "<group>"; };
		9E5383751460C13D00C1D354 /* UIImage+RoundedCorner.m */ = {isa = PBXFileReference; fileEncoding = 4; lastKnownFileType = sourcecode.c.objc; path = "UIImage+RoundedCorner.m"; sourceTree = "<group>"; };
		9E54BABE1487377E006F24B6 /* btn_join.png */ = {isa = PBXFileReference; lastKnownFileType = image.png; path = btn_join.png; sourceTree = "<group>"; };
		9E54BABF1487377E006F24B6 /* btn_login.png */ = {isa = PBXFileReference; lastKnownFileType = image.png; path = btn_login.png; sourceTree = "<group>"; };
		9E54BAC214874D0C006F24B6 /* btn_join_small.png */ = {isa = PBXFileReference; lastKnownFileType = image.png; path = btn_join_small.png; sourceTree = "<group>"; };
		9E54BAC314874D0C006F24B6 /* btn_login_small.png */ = {isa = PBXFileReference; lastKnownFileType = image.png; path = btn_login_small.png; sourceTree = "<group>"; };
		9E54BAC414874D0C006F24B6 /* graphic_addpic.png */ = {isa = PBXFileReference; lastKnownFileType = image.png; path = graphic_addpic.png; sourceTree = "<group>"; };
		9E54BAC514874D0C006F24B6 /* settings.png */ = {isa = PBXFileReference; lastKnownFileType = image.png; path = settings.png; sourceTree = "<group>"; };
		9E64049A14566F7A0051EB4D /* dropshadow.png */ = {isa = PBXFileReference; lastKnownFileType = image.png; path = dropshadow.png; sourceTree = "<group>"; };
		9E64049C14566F840051EB4D /* instruction_box.png */ = {isa = PBXFileReference; lastKnownFileType = image.png; path = instruction_box.png; sourceTree = "<group>"; };
		9E64049E14566F8B0051EB4D /* tab_addstix.png */ = {isa = PBXFileReference; lastKnownFileType = image.png; path = tab_addstix.png; sourceTree = "<group>"; };
		9E6404A41456DC680051EB4D /* dropshadow_small.png */ = {isa = PBXFileReference; lastKnownFileType = image.png; path = dropshadow_small.png; sourceTree = "<group>"; };
		9E6404AC1456E40F0051EB4D /* tab_addstix_small.png */ = {isa = PBXFileReference; lastKnownFileType = image.png; path = tab_addstix_small.png; sourceTree = "<group>"; };
		9E7519ED1488AB71008F4E2A /* fire_load_side1.png */ = {isa = PBXFileReference; lastKnownFileType = image.png; name = fire_load_side1.png; path = Stixx/images/fire_load_side1.png; sourceTree = SOURCE_ROOT; };
		9E7519EE1488AB71008F4E2A /* fire_load_side2.png */ = {isa = PBXFileReference; lastKnownFileType = image.png; name = fire_load_side2.png; path = Stixx/images/fire_load_side2.png; sourceTree = SOURCE_ROOT; };
		9E7519EF1488AB71008F4E2A /* fire_load_side3.png */ = {isa = PBXFileReference; lastKnownFileType = image.png; name = fire_load_side3.png; path = Stixx/images/fire_load_side3.png; sourceTree = SOURCE_ROOT; };
		9E7519F01488AB71008F4E2A /* fire_load_side4.png */ = {isa = PBXFileReference; lastKnownFileType = image.png; name = fire_load_side4.png; path = Stixx/images/fire_load_side4.png; sourceTree = SOURCE_ROOT; };
		9E7519F11488AB71008F4E2A /* fire_load_side5.png */ = {isa = PBXFileReference; lastKnownFileType = image.png; name = fire_load_side5.png; path = Stixx/images/fire_load_side5.png; sourceTree = SOURCE_ROOT; };
		9E83C91C148B022100063D43 /* empty_leaf.png */ = {isa = PBXFileReference; lastKnownFileType = image.png; path = empty_leaf.png; sourceTree = "<group>"; };
		9E83C91D148B022100063D43 /* leaf_big.png */ = {isa = PBXFileReference; lastKnownFileType = image.png; path = leaf_big.png; sourceTree = "<group>"; };
		9E83C91E148B022100063D43 /* leaf.png */ = {isa = PBXFileReference; lastKnownFileType = image.png; path = leaf.png; sourceTree = "<group>"; };
		9E83C92F148B38F100063D43 /* graphic_nopic2.png */ = {isa = PBXFileReference; lastKnownFileType = image.png; path = graphic_nopic2.png; sourceTree = "<group>"; };
		9E88A498148A8EB300E67864 /* libxml2.2.7.3.dylib */ = {isa = PBXFileReference; lastKnownFileType = "compiled.mach-o.dylib"; name = libxml2.2.7.3.dylib; path = usr/lib/libxml2.2.7.3.dylib; sourceTree = SDKROOT; };
		9E91C603147EADDB003567ED /* ZoomViewController.h */ = {isa = PBXFileReference; fileEncoding = 4; lastKnownFileType = sourcecode.c.h; path = ZoomViewController.h; sourceTree = "<group>"; };
		9E91C604147EADDC003567ED /* ZoomViewController.m */ = {isa = PBXFileReference; fileEncoding = 4; lastKnownFileType = sourcecode.c.objc; path = ZoomViewController.m; sourceTree = "<group>"; };
		9E91C605147EADDE003567ED /* ZoomViewController.xib */ = {isa = PBXFileReference; fileEncoding = 4; lastKnownFileType = file.xib; path = ZoomViewController.xib; sourceTree = "<group>"; };
		9E91C608147EC624003567ED /* dropshadow_300.png */ = {isa = PBXFileReference; lastKnownFileType = image.png; path = dropshadow_300.png; sourceTree = "<group>"; };
		9E91C60F147F8782003567ED /* Kumulos.h */ = {isa = PBXFileReference; fileEncoding = 4; lastKnownFileType = sourcecode.c.h; path = Kumulos.h; sourceTree = "<group>"; };
		9E91C610147F8782003567ED /* Kumulos.m */ = {isa = PBXFileReference; fileEncoding = 4; lastKnownFileType = sourcecode.c.objc; path = Kumulos.m; sourceTree = "<group>"; };
		9E91C611147F8782003567ED /* libKumulos_iOS_v0.7.2.a */ = {isa = PBXFileReference; lastKnownFileType = archive.ar; path = libKumulos_iOS_v0.7.2.a; sourceTree = "<group>"; };
		9E91C612147F8782003567ED /* libKumulos.h */ = {isa = PBXFileReference; fileEncoding = 4; lastKnownFileType = sourcecode.c.h; path = libKumulos.h; sourceTree = "<group>"; };
		9E91C615147FA1A7003567ED /* dropshadow_140.png */ = {isa = PBXFileReference; lastKnownFileType = image.png; path = dropshadow_140.png; sourceTree = "<group>"; };
		9E91C6171480449E003567ED /* RaisedCenterTabBarController.h */ = {isa = PBXFileReference; fileEncoding = 4; lastKnownFileType = sourcecode.c.h; path = RaisedCenterTabBarController.h; sourceTree = "<group>"; };
		9E91C618148044A0003567ED /* RaisedCenterTabBarController.m */ = {isa = PBXFileReference; fileEncoding = 4; lastKnownFileType = sourcecode.c.objc; path = RaisedCenterTabBarController.m; sourceTree = "<group>"; };
		9E91C61E14817820003567ED /* textured_background.png */ = {isa = PBXFileReference; lastKnownFileType = image.png; path = textured_background.png; sourceTree = "<group>"; };
		9EAF617F145B58BE00CBAC8D /* emptyuser.png */ = {isa = PBXFileReference; lastKnownFileType = image.png; path = emptyuser.png; sourceTree = "<group>"; };
		9EB0316E142C002E0019F2BD /* Stix.app */ = {isa = PBXFileReference; explicitFileType = wrapper.application; includeInIndex = 0; path = Stix.app; sourceTree = BUILT_PRODUCTS_DIR; };
		9EB03172142C002E0019F2BD /* UIKit.framework */ = {isa = PBXFileReference; lastKnownFileType = wrapper.framework; name = UIKit.framework; path = System/Library/Frameworks/UIKit.framework; sourceTree = SDKROOT; };
		9EB03174142C002E0019F2BD /* Foundation.framework */ = {isa = PBXFileReference; lastKnownFileType = wrapper.framework; name = Foundation.framework; path = System/Library/Frameworks/Foundation.framework; sourceTree = SDKROOT; };
		9EB03176142C002E0019F2BD /* CoreGraphics.framework */ = {isa = PBXFileReference; lastKnownFileType = wrapper.framework; name = CoreGraphics.framework; path = System/Library/Frameworks/CoreGraphics.framework; sourceTree = SDKROOT; };
		9EB0317A142C002E0019F2BD /* Stixx-Info.plist */ = {isa = PBXFileReference; lastKnownFileType = text.plist.xml; path = "Stixx-Info.plist"; sourceTree = "<group>"; };
		9EB0317C142C002E0019F2BD /* en */ = {isa = PBXFileReference; lastKnownFileType = text.plist.strings; name = en; path = en.lproj/InfoPlist.strings; sourceTree = "<group>"; };
		9EB0317E142C002E0019F2BD /* main.m */ = {isa = PBXFileReference; lastKnownFileType = sourcecode.c.objc; path = main.m; sourceTree = "<group>"; };
		9EB03180142C002E0019F2BD /* Stixx-Prefix.pch */ = {isa = PBXFileReference; lastKnownFileType = sourcecode.c.h; path = "Stixx-Prefix.pch"; sourceTree = "<group>"; };
		9EB03181142C002E0019F2BD /* StixxAppDelegate.h */ = {isa = PBXFileReference; lastKnownFileType = sourcecode.c.h; path = StixxAppDelegate.h; sourceTree = "<group>"; };
		9EB03182142C002E0019F2BD /* StixxAppDelegate.m */ = {isa = PBXFileReference; lastKnownFileType = sourcecode.c.objc; path = StixxAppDelegate.m; sourceTree = "<group>"; };
		9EB0318C142C002E0019F2BD /* StixxAppDelegate_iPad.h */ = {isa = PBXFileReference; lastKnownFileType = sourcecode.c.h; name = StixxAppDelegate_iPad.h; path = iPad/StixxAppDelegate_iPad.h; sourceTree = "<group>"; };
		9EB0318D142C002E0019F2BD /* StixxAppDelegate_iPad.m */ = {isa = PBXFileReference; lastKnownFileType = sourcecode.c.objc; name = StixxAppDelegate_iPad.m; path = iPad/StixxAppDelegate_iPad.m; sourceTree = "<group>"; };
		9EB03190142C002E0019F2BD /* en */ = {isa = PBXFileReference; lastKnownFileType = file.xib; name = en; path = iPad/en.lproj/MainWindow_iPad.xib; sourceTree = "<group>"; };
		9EB03197142C002E0019F2BD /* StixxTests.octest */ = {isa = PBXFileReference; explicitFileType = wrapper.cfbundle; includeInIndex = 0; path = StixxTests.octest; sourceTree = BUILT_PRODUCTS_DIR; };
		9EB03198142C002E0019F2BD /* SenTestingKit.framework */ = {isa = PBXFileReference; lastKnownFileType = wrapper.framework; name = SenTestingKit.framework; path = Library/Frameworks/SenTestingKit.framework; sourceTree = DEVELOPER_DIR; };
		9EB031A1142C002E0019F2BD /* StixxTests-Info.plist */ = {isa = PBXFileReference; lastKnownFileType = text.plist.xml; path = "StixxTests-Info.plist"; sourceTree = "<group>"; };
		9EB031A3142C002E0019F2BD /* en */ = {isa = PBXFileReference; lastKnownFileType = text.plist.strings; name = en; path = en.lproj/InfoPlist.strings; sourceTree = "<group>"; };
		9EB031A5142C002E0019F2BD /* StixxTests.h */ = {isa = PBXFileReference; lastKnownFileType = sourcecode.c.h; path = StixxTests.h; sourceTree = "<group>"; };
		9EB031A7142C002F0019F2BD /* StixxTests.m */ = {isa = PBXFileReference; lastKnownFileType = sourcecode.c.objc; path = StixxTests.m; sourceTree = "<group>"; };
		9EB031B2142C01260019F2BD /* ARCoordinate.h */ = {isa = PBXFileReference; fileEncoding = 4; lastKnownFileType = sourcecode.c.h; path = ARCoordinate.h; sourceTree = "<group>"; };
		9EB031B3142C01260019F2BD /* ARCoordinate.m */ = {isa = PBXFileReference; fileEncoding = 4; lastKnownFileType = sourcecode.c.objc; path = ARCoordinate.m; sourceTree = "<group>"; };
		9EB031B6142C01260019F2BD /* ARViewController.h */ = {isa = PBXFileReference; fileEncoding = 4; lastKnownFileType = sourcecode.c.h; path = ARViewController.h; sourceTree = "<group>"; };
		9EB031B7142C01260019F2BD /* ARViewController.m */ = {isa = PBXFileReference; fileEncoding = 4; lastKnownFileType = sourcecode.c.objc; path = ARViewController.m; sourceTree = "<group>"; };
		9EB031B8142C01260019F2BD /* BadgeView.h */ = {isa = PBXFileReference; fileEncoding = 4; lastKnownFileType = sourcecode.c.h; path = BadgeView.h; sourceTree = "<group>"; };
		9EB031B9142C01260019F2BD /* BadgeView.m */ = {isa = PBXFileReference; fileEncoding = 4; lastKnownFileType = sourcecode.c.objc; path = BadgeView.m; sourceTree = "<group>"; };
		9EB031BF142C01260019F2BD /* ProfileViewController.h */ = {isa = PBXFileReference; fileEncoding = 4; lastKnownFileType = sourcecode.c.h; path = ProfileViewController.h; sourceTree = "<group>"; };
		9EB031C0142C01260019F2BD /* ProfileViewController.m */ = {isa = PBXFileReference; fileEncoding = 4; lastKnownFileType = sourcecode.c.objc; path = ProfileViewController.m; sourceTree = "<group>"; };
		9EB031C1142C01260019F2BD /* ProfileViewController.xib */ = {isa = PBXFileReference; fileEncoding = 4; lastKnownFileType = file.xib; path = ProfileViewController.xib; sourceTree = "<group>"; };
		9EB031C2142C01260019F2BD /* FeedItemViewController.h */ = {isa = PBXFileReference; fileEncoding = 4; lastKnownFileType = sourcecode.c.h; path = FeedItemViewController.h; sourceTree = "<group>"; };
		9EB031C3142C01260019F2BD /* FeedItemViewController.m */ = {isa = PBXFileReference; fileEncoding = 4; lastKnownFileType = sourcecode.c.objc; path = FeedItemViewController.m; sourceTree = "<group>"; };
		9EB031C4142C01260019F2BD /* FeedItemViewController.xib */ = {isa = PBXFileReference; fileEncoding = 4; lastKnownFileType = file.xib; path = FeedItemViewController.xib; sourceTree = "<group>"; };
		9EB031C5142C01260019F2BD /* FeedViewController.h */ = {isa = PBXFileReference; fileEncoding = 4; lastKnownFileType = sourcecode.c.h; path = FeedViewController.h; sourceTree = "<group>"; };
		9EB031C6142C01260019F2BD /* FeedViewController.m */ = {isa = PBXFileReference; fileEncoding = 4; lastKnownFileType = sourcecode.c.objc; path = FeedViewController.m; sourceTree = "<group>"; };
		9EB031C7142C01260019F2BD /* FeedViewController.xib */ = {isa = PBXFileReference; fileEncoding = 4; lastKnownFileType = file.xib; path = FeedViewController.xib; sourceTree = "<group>"; };
		9EB031CB142C01260019F2BD /* FileHelpers.h */ = {isa = PBXFileReference; fileEncoding = 4; lastKnownFileType = sourcecode.c.h; path = FileHelpers.h; sourceTree = "<group>"; };
		9EB031CC142C01260019F2BD /* FileHelpers.m */ = {isa = PBXFileReference; fileEncoding = 4; lastKnownFileType = sourcecode.c.objc; path = FileHelpers.m; sourceTree = "<group>"; };
		9EB031D0142C01260019F2BD /* ImageCache.h */ = {isa = PBXFileReference; fileEncoding = 4; lastKnownFileType = sourcecode.c.h; path = ImageCache.h; sourceTree = "<group>"; };
		9EB031D1142C01260019F2BD /* ImageCache.m */ = {isa = PBXFileReference; fileEncoding = 4; lastKnownFileType = sourcecode.c.objc; path = ImageCache.m; sourceTree = "<group>"; };
		9EB031D2142C01260019F2BD /* LoginViewController.h */ = {isa = PBXFileReference; fileEncoding = 4; lastKnownFileType = sourcecode.c.h; path = LoginViewController.h; sourceTree = "<group>"; };
		9EB031D3142C01260019F2BD /* LoginViewController.m */ = {isa = PBXFileReference; fileEncoding = 4; lastKnownFileType = sourcecode.c.objc; path = LoginViewController.m; sourceTree = "<group>"; };
		9EB031D4142C01260019F2BD /* LoginViewController.xib */ = {isa = PBXFileReference; fileEncoding = 4; lastKnownFileType = file.xib; name = LoginViewController.xib; path = Stixx/Classes/LoginViewController.xib; sourceTree = SOURCE_ROOT; };
		9EB031D5142C01260019F2BD /* Tag.h */ = {isa = PBXFileReference; fileEncoding = 4; lastKnownFileType = sourcecode.c.h; path = Tag.h; sourceTree = "<group>"; };
		9EB031D6142C01260019F2BD /* Tag.m */ = {isa = PBXFileReference; fileEncoding = 4; lastKnownFileType = sourcecode.c.objc; path = Tag.m; sourceTree = "<group>"; };
		9EB031D7142C01260019F2BD /* TagDescriptorController.h */ = {isa = PBXFileReference; fileEncoding = 4; lastKnownFileType = sourcecode.c.h; path = TagDescriptorController.h; sourceTree = "<group>"; };
		9EB031D8142C01260019F2BD /* TagDescriptorController.m */ = {isa = PBXFileReference; fileEncoding = 4; lastKnownFileType = sourcecode.c.objc; path = TagDescriptorController.m; sourceTree = "<group>"; };
		9EB031D9142C01260019F2BD /* TagDescriptorController.xib */ = {isa = PBXFileReference; fileEncoding = 4; lastKnownFileType = file.xib; path = TagDescriptorController.xib; sourceTree = "<group>"; };
		9EB031DC142C01260019F2BD /* TagViewController.h */ = {isa = PBXFileReference; fileEncoding = 4; lastKnownFileType = sourcecode.c.h; path = TagViewController.h; sourceTree = "<group>"; };
		9EB031DD142C01260019F2BD /* TagViewController.m */ = {isa = PBXFileReference; fileEncoding = 4; lastKnownFileType = sourcecode.c.objc; path = TagViewController.m; sourceTree = "<group>"; };
		9EB031DE142C01260019F2BD /* TagViewController.xib */ = {isa = PBXFileReference; fileEncoding = 4; lastKnownFileType = file.xib; path = TagViewController.xib; sourceTree = "<group>"; };
		9EB03201142C01340019F2BD /* comment.png */ = {isa = PBXFileReference; lastKnownFileType = image.png; path = comment.png; sourceTree = "<group>"; };
		9EB03203142C01340019F2BD /* empty.png */ = {isa = PBXFileReference; lastKnownFileType = image.png; path = empty.png; sourceTree = "<group>"; };
		9EB03204142C01340019F2BD /* fire.png */ = {isa = PBXFileReference; lastKnownFileType = image.png; path = fire.png; sourceTree = "<group>"; };
		9EB03205142C01340019F2BD /* fire_big.png */ = {isa = PBXFileReference; lastKnownFileType = image.png; path = fire_big.png; sourceTree = "<group>"; };
		9EB03207142C01340019F2BD /* friend1.png */ = {isa = PBXFileReference; lastKnownFileType = image.png; path = friend1.png; sourceTree = "<group>"; };
		9EB03208142C01340019F2BD /* friend2.png */ = {isa = PBXFileReference; lastKnownFileType = image.png; path = friend2.png; sourceTree = "<group>"; };
		9EB03209142C01340019F2BD /* friend3.png */ = {isa = PBXFileReference; lastKnownFileType = image.png; path = friend3.png; sourceTree = "<group>"; };
		9EB0320A142C01340019F2BD /* friend4.png */ = {isa = PBXFileReference; lastKnownFileType = image.png; path = friend4.png; sourceTree = "<group>"; };
		9EB0320B142C01340019F2BD /* ice.png */ = {isa = PBXFileReference; lastKnownFileType = image.png; path = ice.png; sourceTree = "<group>"; };
		9EB0320C142C01340019F2BD /* ice_big.png */ = {isa = PBXFileReference; lastKnownFileType = image.png; path = ice_big.png; sourceTree = "<group>"; };
		9EB0320E142C01340019F2BD /* icon_114.png */ = {isa = PBXFileReference; lastKnownFileType = image.png; path = icon_114.png; sourceTree = "<group>"; };
		9EB0320F142C01340019F2BD /* icon_57.png */ = {isa = PBXFileReference; lastKnownFileType = image.png; path = icon_57.png; sourceTree = "<group>"; };
		9EB03210142C01340019F2BD /* location.png */ = {isa = PBXFileReference; lastKnownFileType = image.png; path = location.png; sourceTree = "<group>"; };
		9EB03211142C01340019F2BD /* shelf.png */ = {isa = PBXFileReference; lastKnownFileType = image.png; path = shelf.png; sourceTree = "<group>"; };
		9EB03212142C01340019F2BD /* splash.png */ = {isa = PBXFileReference; lastKnownFileType = image.png; path = splash.png; sourceTree = "<group>"; };
		9EB03213142C01340019F2BD /* stixx.png */ = {isa = PBXFileReference; lastKnownFileType = image.png; path = stixx.png; sourceTree = "<group>"; };
		9EB03214142C01340019F2BD /* stixx_feed.jpg */ = {isa = PBXFileReference; lastKnownFileType = image.jpeg; path = stixx_feed.jpg; sourceTree = "<group>"; };
		9EB03215142C01340019F2BD /* stixx_friends.jpg */ = {isa = PBXFileReference; lastKnownFileType = image.jpeg; path = stixx_friends.jpg; sourceTree = "<group>"; };
		9EB03216142C01340019F2BD /* tab_feed.png */ = {isa = PBXFileReference; lastKnownFileType = image.png; path = tab_feed.png; sourceTree = "<group>"; };
		9EB03217142C01340019F2BD /* tab_find.png */ = {isa = PBXFileReference; lastKnownFileType = image.png; path = tab_find.png; sourceTree = "<group>"; };
		9EB03218142C01340019F2BD /* tab_friends.png */ = {isa = PBXFileReference; lastKnownFileType = image.png; path = tab_friends.png; sourceTree = "<group>"; };
		9EB03219142C01340019F2BD /* tab_me.png */ = {isa = PBXFileReference; lastKnownFileType = image.png; path = tab_me.png; sourceTree = "<group>"; };
		9EB0321A142C01340019F2BD /* tab_world.png */ = {isa = PBXFileReference; lastKnownFileType = image.png; path = tab_world.png; sourceTree = "<group>"; };
		9EB03241142C015A0019F2BD /* CoreLocation.framework */ = {isa = PBXFileReference; lastKnownFileType = wrapper.framework; name = CoreLocation.framework; path = System/Library/Frameworks/CoreLocation.framework; sourceTree = SDKROOT; };
		9EB03243142C01640019F2BD /* QuartzCore.framework */ = {isa = PBXFileReference; lastKnownFileType = wrapper.framework; name = QuartzCore.framework; path = System/Library/Frameworks/QuartzCore.framework; sourceTree = SDKROOT; };
		9EB03247142C05D00019F2BD /* BTLFullScreenCameraController.h */ = {isa = PBXFileReference; fileEncoding = 4; lastKnownFileType = sourcecode.c.h; path = BTLFullScreenCameraController.h; sourceTree = "<group>"; };
		9EB03248142C05D10019F2BD /* BTLFullScreenCameraController.m */ = {isa = PBXFileReference; fileEncoding = 4; lastKnownFileType = sourcecode.c.objc; path = BTLFullScreenCameraController.m; sourceTree = "<group>"; };
		9EB5F67F148AA7C000F403D1 /* graphic_nopic.png */ = {isa = PBXFileReference; lastKnownFileType = image.png; path = graphic_nopic.png; sourceTree = "<group>"; };
		9EB5F681148AAD7A00F403D1 /* tab_mystix.png */ = {isa = PBXFileReference; lastKnownFileType = image.png; path = tab_mystix.png; sourceTree = "<group>"; };
		9EB5F683148AADED00F403D1 /* MyStixViewController.h */ = {isa = PBXFileReference; fileEncoding = 4; lastKnownFileType = sourcecode.c.h; path = MyStixViewController.h; sourceTree = "<group>"; };
		9EB5F684148AADED00F403D1 /* MyStixViewController.m */ = {isa = PBXFileReference; fileEncoding = 4; lastKnownFileType = sourcecode.c.objc; path = MyStixViewController.m; sourceTree = "<group>"; };
		9EB5F685148AADED00F403D1 /* MyStixViewController.xib */ = {isa = PBXFileReference; fileEncoding = 4; lastKnownFileType = file.xib; path = MyStixViewController.xib; sourceTree = "<group>"; };
		9EB5F68C148ABBF000F403D1 /* heart_big.png */ = {isa = PBXFileReference; lastKnownFileType = image.png; path = heart_big.png; sourceTree = "<group>"; };
		9EB5F68E148AC1CE00F403D1 /* empty_heart.png */ = {isa = PBXFileReference; lastKnownFileType = image.png; path = empty_heart.png; sourceTree = "<group>"; };
		9EB5F68F148AC1CE00F403D1 /* empty_leaf.png */ = {isa = PBXFileReference; lastKnownFileType = image.png; path = empty_leaf.png; sourceTree = "<group>"; };
		9EB5FA21144FE5E100B3B0BA /* FriendsViewController.h */ = {isa = PBXFileReference; fileEncoding = 4; lastKnownFileType = sourcecode.c.h; path = FriendsViewController.h; sourceTree = "<group>"; };
		9EB5FA22144FE5E100B3B0BA /* FriendsViewController.m */ = {isa = PBXFileReference; fileEncoding = 4; lastKnownFileType = sourcecode.c.objc; path = FriendsViewController.m; sourceTree = "<group>"; };
		9EB5FA23144FE5E100B3B0BA /* FriendsViewController.xib */ = {isa = PBXFileReference; fileEncoding = 4; lastKnownFileType = file.xib; path = FriendsViewController.xib; sourceTree = "<group>"; };
		9EB8B50414464D5C0066ADB2 /* nav_bar.png */ = {isa = PBXFileReference; lastKnownFileType = image.png; path = nav_bar.png; sourceTree = "<group>"; };
		9EB8B52E144E43160066ADB2 /* overlay.png */ = {isa = PBXFileReference; lastKnownFileType = image.png; path = overlay.png; sourceTree = "<group>"; };
		9EC4337A14392C3B002D095B /* logo.png */ = {isa = PBXFileReference; lastKnownFileType = image.png; path = logo.png; sourceTree = "<group>"; };
		9EC6DC31148C788800C7A538 /* txt_actionstix.png */ = {isa = PBXFileReference; lastKnownFileType = image.png; path = txt_actionstix.png; sourceTree = "<group>"; };
		9EC6DC32148C788800C7A538 /* txt_rewardstix.png */ = {isa = PBXFileReference; lastKnownFileType = image.png; path = txt_rewardstix.png; sourceTree = "<group>"; };
		9EC6DC36148C7C5500C7A538 /* graphic_rules_fire.png */ = {isa = PBXFileReference; lastKnownFileType = image.png; path = graphic_rules_fire.png; sourceTree = "<group>"; };
		9EC6DC37148C7C5500C7A538 /* graphic_rules_heart.png */ = {isa = PBXFileReference; lastKnownFileType = image.png; path = graphic_rules_heart.png; sourceTree = "<group>"; };
		9EC6DC38148C7C5500C7A538 /* graphic_rules_ice.png */ = {isa = PBXFileReference; lastKnownFileType = image.png; path = graphic_rules_ice.png; sourceTree = "<group>"; };
		9EC6DC39148C7C5500C7A538 /* graphic_rules_leaf.png */ = {isa = PBXFileReference; lastKnownFileType = image.png; path = graphic_rules_leaf.png; sourceTree = "<group>"; };
		9ECD52301457BF32005CFDBB /* ExploreViewController.h */ = {isa = PBXFileReference; fileEncoding = 4; lastKnownFileType = sourcecode.c.h; path = ExploreViewController.h; sourceTree = "<group>"; };
		9ECD52311457BF32005CFDBB /* ExploreViewController.m */ = {isa = PBXFileReference; fileEncoding = 4; lastKnownFileType = sourcecode.c.objc; path = ExploreViewController.m; sourceTree = "<group>"; };
		9ECD52321457BF33005CFDBB /* ExploreViewController.xib */ = {isa = PBXFileReference; fileEncoding = 4; lastKnownFileType = file.xib; path = ExploreViewController.xib; sourceTree = "<group>"; };
		9ECD52351457D1E1005CFDBB /* tab_location.png */ = {isa = PBXFileReference; lastKnownFileType = image.png; name = tab_location.png; path = Stixx/images/tab_location.png; sourceTree = SOURCE_ROOT; };
		9ECD5240145A3651005CFDBB /* ToDoList */ = {isa = PBXFileReference; fileEncoding = 4; lastKnownFileType = text; path = ToDoList; sourceTree = "<group>"; };
		9ECF1C5D145DD4DD00B7F7F1 /* PagedScrollView.h */ = {isa = PBXFileReference; fileEncoding = 4; lastKnownFileType = sourcecode.c.h; path = PagedScrollView.h; sourceTree = "<group>"; };
		9ECF1C5E145DD4DD00B7F7F1 /* PagedScrollView.m */ = {isa = PBXFileReference; fileEncoding = 4; lastKnownFileType = sourcecode.c.objc; path = PagedScrollView.m; sourceTree = "<group>"; };
		9EF173BD146A10570073F83B /* Default.png */ = {isa = PBXFileReference; lastKnownFileType = image.png; path = Default.png; sourceTree = "<group>"; };
		9EF173BF146A10700073F83B /* icon_57.png */ = {isa = PBXFileReference; lastKnownFileType = image.png; path = icon_57.png; sourceTree = "<group>"; };
		9EF173C1146D01F00073F83B /* OutlineLabel.h */ = {isa = PBXFileReference; fileEncoding = 4; lastKnownFileType = sourcecode.c.h; path = OutlineLabel.h; sourceTree = "<group>"; };
		9EF173C2146D01F30073F83B /* OutlineLabel.m */ = {isa = PBXFileReference; fileEncoding = 4; lastKnownFileType = sourcecode.c.objc; path = OutlineLabel.m; sourceTree = "<group>"; };
		9EF297711485B9D400B1782C /* load_bkg.png */ = {isa = PBXFileReference; lastKnownFileType = image.png; path = load_bkg.png; sourceTree = "<group>"; };
		9EF297741485BAEF00B1782C /* LoadingAnimationView.h */ = {isa = PBXFileReference; fileEncoding = 4; lastKnownFileType = sourcecode.c.h; path = LoadingAnimationView.h; sourceTree = "<group>"; };
		9EF297751485BAEF00B1782C /* LoadingAnimationView.m */ = {isa = PBXFileReference; fileEncoding = 4; lastKnownFileType = sourcecode.c.objc; path = LoadingAnimationView.m; sourceTree = "<group>"; };
		9EF297771485C44D00B1782C /* fire_load1.png */ = {isa = PBXFileReference; lastKnownFileType = image.png; path = fire_load1.png; sourceTree = "<group>"; };
		9EF297781485C44D00B1782C /* fire_load2.png */ = {isa = PBXFileReference; lastKnownFileType = image.png; path = fire_load2.png; sourceTree = "<group>"; };
		9EF297791485C44D00B1782C /* fire_load3.png */ = {isa = PBXFileReference; lastKnownFileType = image.png; path = fire_load3.png; sourceTree = "<group>"; };
		9EF2977A1485C44D00B1782C /* fire_load4.png */ = {isa = PBXFileReference; lastKnownFileType = image.png; path = fire_load4.png; sourceTree = "<group>"; };
		9EF2977F1485F3B200B1782C /* dark_cell.png */ = {isa = PBXFileReference; lastKnownFileType = image.png; path = dark_cell.png; sourceTree = "<group>"; };
		9EF297811485F4FC00B1782C /* nav_back.png */ = {isa = PBXFileReference; lastKnownFileType = image.png; path = nav_back.png; sourceTree = "<group>"; };
		9EF297821485F4FC00B1782C /* nav_done.png */ = {isa = PBXFileReference; lastKnownFileType = image.png; path = nav_done.png; sourceTree = "<group>"; };
		9EF297851485F5BE00B1782C /* arrow.png */ = {isa = PBXFileReference; lastKnownFileType = image.png; path = arrow.png; sourceTree = "<group>"; };
		9EF297861485F5BE00B1782C /* input.png */ = {isa = PBXFileReference; lastKnownFileType = image.png; path = input.png; sourceTree = "<group>"; };
		9EF297981487347C00B1782C /* LoginSplashController.h */ = {isa = PBXFileReference; fileEncoding = 4; lastKnownFileType = sourcecode.c.h; path = LoginSplashController.h; sourceTree = "<group>"; };
		9EF297991487347C00B1782C /* LoginSplashController.m */ = {isa = PBXFileReference; fileEncoding = 4; lastKnownFileType = sourcecode.c.objc; path = LoginSplashController.m; sourceTree = "<group>"; };
		9EF2979A1487347C00B1782C /* LoginSplashController.xib */ = {isa = PBXFileReference; fileEncoding = 4; lastKnownFileType = file.xib; path = LoginSplashController.xib; sourceTree = "<group>"; };
/* End PBXFileReference section */

/* Begin PBXFrameworksBuildPhase section */
		9EB0316B142C002E0019F2BD /* Frameworks */ = {
			isa = PBXFrameworksBuildPhase;
			buildActionMask = 2147483647;
			files = (
				9EB03244142C01640019F2BD /* QuartzCore.framework in Frameworks */,
				9EB03242142C015A0019F2BD /* CoreLocation.framework in Frameworks */,
				9EB03173142C002E0019F2BD /* UIKit.framework in Frameworks */,
				9EB03175142C002E0019F2BD /* Foundation.framework in Frameworks */,
				9EB03177142C002E0019F2BD /* CoreGraphics.framework in Frameworks */,
				9E91C614147F8782003567ED /* libKumulos_iOS_v0.7.2.a in Frameworks */,
				9E88A499148A8EB400E67864 /* libxml2.2.7.3.dylib in Frameworks */,
			);
			runOnlyForDeploymentPostprocessing = 0;
		};
		9EB03193142C002E0019F2BD /* Frameworks */ = {
			isa = PBXFrameworksBuildPhase;
			buildActionMask = 2147483647;
			files = (
				9EB03199142C002E0019F2BD /* SenTestingKit.framework in Frameworks */,
				9EB0319A142C002E0019F2BD /* UIKit.framework in Frameworks */,
				9EB0319B142C002E0019F2BD /* Foundation.framework in Frameworks */,
				9EB0319C142C002E0019F2BD /* CoreGraphics.framework in Frameworks */,
			);
			runOnlyForDeploymentPostprocessing = 0;
		};
/* End PBXFrameworksBuildPhase section */

/* Begin PBXGroup section */
		9E3BE0751463673200F7B763 /* iPhone */ = {
			isa = PBXGroup;
			children = (
				9E3BE0761463673200F7B763 /* MainWindow_iPhone.xib */,
				9E3BE0781463673200F7B763 /* StixxAppDelegate_iPhone.h */,
				9E3BE0791463673200F7B763 /* StixxAppDelegate_iPhone.m */,
			);
			path = iPhone;
			sourceTree = "<group>";
		};
		9EA17D3A143BFF8700CD710C /* stixxBindings */ = {
			isa = PBXGroup;
			children = (
				9E91C60F147F8782003567ED /* Kumulos.h */,
				9E91C610147F8782003567ED /* Kumulos.m */,
				9E91C611147F8782003567ED /* libKumulos_iOS_v0.7.2.a */,
				9E91C612147F8782003567ED /* libKumulos.h */,
			);
			name = stixxBindings;
			path = Classes/stixxBindings;
			sourceTree = "<group>";
		};
		9EB03163142C002E0019F2BD = {
			isa = PBXGroup;
			children = (
				9EF173BF146A10700073F83B /* icon_57.png */,
				9EF173BD146A10570073F83B /* Default.png */,
				9EB03243142C01640019F2BD /* QuartzCore.framework */,
				9EB03241142C015A0019F2BD /* CoreLocation.framework */,
				9EB03178142C002E0019F2BD /* Stixx */,
				9EB0319F142C002E0019F2BD /* StixxTests */,
				9EB03171142C002E0019F2BD /* Frameworks */,
				9EB0316F142C002E0019F2BD /* Products */,
			);
			sourceTree = "<group>";
		};
		9EB0316F142C002E0019F2BD /* Products */ = {
			isa = PBXGroup;
			children = (
				9EB0316E142C002E0019F2BD /* Stix.app */,
				9EB03197142C002E0019F2BD /* StixxTests.octest */,
			);
			name = Products;
			sourceTree = "<group>";
		};
		9EB03171142C002E0019F2BD /* Frameworks */ = {
			isa = PBXGroup;
			children = (
				9E88A498148A8EB300E67864 /* libxml2.2.7.3.dylib */,
				9EB03172142C002E0019F2BD /* UIKit.framework */,
				9EB03174142C002E0019F2BD /* Foundation.framework */,
				9EB03176142C002E0019F2BD /* CoreGraphics.framework */,
				9EB03198142C002E0019F2BD /* SenTestingKit.framework */,
			);
			name = Frameworks;
			sourceTree = "<group>";
		};
		9EB03178142C002E0019F2BD /* Stixx */ = {
			isa = PBXGroup;
			children = (
				9EA17D3A143BFF8700CD710C /* stixxBindings */,
				9EB031FF142C01340019F2BD /* images */,
				9EB031B1142C01260019F2BD /* Classes */,
				9EB03181142C002E0019F2BD /* StixxAppDelegate.h */,
				9EB03182142C002E0019F2BD /* StixxAppDelegate.m */,
				9ECD5240145A3651005CFDBB /* ToDoList */,
				9E3BE0751463673200F7B763 /* iPhone */,
				9EB0318B142C002E0019F2BD /* iPad */,
				9EB03179142C002E0019F2BD /* Supporting Files */,
			);
			path = Stixx;
			sourceTree = "<group>";
		};
		9EB03179142C002E0019F2BD /* Supporting Files */ = {
			isa = PBXGroup;
			children = (
				9EB0317A142C002E0019F2BD /* Stixx-Info.plist */,
				9EB0317B142C002E0019F2BD /* InfoPlist.strings */,
				9EB0317E142C002E0019F2BD /* main.m */,
				9EB03180142C002E0019F2BD /* Stixx-Prefix.pch */,
			);
			name = "Supporting Files";
			sourceTree = "<group>";
		};
		9EB0318B142C002E0019F2BD /* iPad */ = {
			isa = PBXGroup;
			children = (
				9EB0318C142C002E0019F2BD /* StixxAppDelegate_iPad.h */,
				9EB0318D142C002E0019F2BD /* StixxAppDelegate_iPad.m */,
				9EB0318F142C002E0019F2BD /* MainWindow_iPad.xib */,
			);
			name = iPad;
			sourceTree = "<group>";
		};
		9EB0319F142C002E0019F2BD /* StixxTests */ = {
			isa = PBXGroup;
			children = (
				9EB031A5142C002E0019F2BD /* StixxTests.h */,
				9EB031A7142C002F0019F2BD /* StixxTests.m */,
				9EB031A0142C002E0019F2BD /* Supporting Files */,
			);
			path = StixxTests;
			sourceTree = "<group>";
		};
		9EB031A0142C002E0019F2BD /* Supporting Files */ = {
			isa = PBXGroup;
			children = (
				9EB031A1142C002E0019F2BD /* StixxTests-Info.plist */,
				9EB031A2142C002E0019F2BD /* InfoPlist.strings */,
			);
			name = "Supporting Files";
			sourceTree = "<group>";
		};
		9EB031B1142C01260019F2BD /* Classes */ = {
			isa = PBXGroup;
			children = (
				9E5383701460C13D00C1D354 /* UIImage+Alpha.h */,
				9E5383711460C13D00C1D354 /* UIImage+Alpha.m */,
				9E5383721460C13D00C1D354 /* UIImage+Resize.h */,
				9E5383731460C13D00C1D354 /* UIImage+Resize.m */,
				9E5383741460C13D00C1D354 /* UIImage+RoundedCorner.h */,
				9E5383751460C13D00C1D354 /* UIImage+RoundedCorner.m */,
				9EB03247142C05D00019F2BD /* BTLFullScreenCameraController.h */,
				9EB03248142C05D10019F2BD /* BTLFullScreenCameraController.m */,
				9EB031B2142C01260019F2BD /* ARCoordinate.h */,
				9EB031B3142C01260019F2BD /* ARCoordinate.m */,
				9EB031B6142C01260019F2BD /* ARViewController.h */,
				9EB031B7142C01260019F2BD /* ARViewController.m */,
				9EB031B8142C01260019F2BD /* BadgeView.h */,
				9EB031B9142C01260019F2BD /* BadgeView.m */,
				9EF297741485BAEF00B1782C /* LoadingAnimationView.h */,
				9EF297751485BAEF00B1782C /* LoadingAnimationView.m */,
				9ECF1C5D145DD4DD00B7F7F1 /* PagedScrollView.h */,
				9ECF1C5E145DD4DD00B7F7F1 /* PagedScrollView.m */,
				9EF173C1146D01F00073F83B /* OutlineLabel.h */,
				9EF173C2146D01F30073F83B /* OutlineLabel.m */,
				9E91C603147EADDB003567ED /* ZoomViewController.h */,
				9E91C604147EADDC003567ED /* ZoomViewController.m */,
				9E91C605147EADDE003567ED /* ZoomViewController.xib */,
				9EB031C2142C01260019F2BD /* FeedItemViewController.h */,
				9EB031C3142C01260019F2BD /* FeedItemViewController.m */,
				9EB031C4142C01260019F2BD /* FeedItemViewController.xib */,
				9EB031C5142C01260019F2BD /* FeedViewController.h */,
				9EB031C6142C01260019F2BD /* FeedViewController.m */,
				9EB031C7142C01260019F2BD /* FeedViewController.xib */,
				9ECD52301457BF32005CFDBB /* ExploreViewController.h */,
				9ECD52311457BF32005CFDBB /* ExploreViewController.m */,
				9ECD52321457BF33005CFDBB /* ExploreViewController.xib */,
				9EB5FA21144FE5E100B3B0BA /* FriendsViewController.h */,
				9EB5FA22144FE5E100B3B0BA /* FriendsViewController.m */,
				9EB5FA23144FE5E100B3B0BA /* FriendsViewController.xib */,
				9EB031CB142C01260019F2BD /* FileHelpers.h */,
				9EB031CC142C01260019F2BD /* FileHelpers.m */,
				9EB031D0142C01260019F2BD /* ImageCache.h */,
				9EB031D1142C01260019F2BD /* ImageCache.m */,
				9EF297981487347C00B1782C /* LoginSplashController.h */,
				9EF297991487347C00B1782C /* LoginSplashController.m */,
				9EF2979A1487347C00B1782C /* LoginSplashController.xib */,
				9EB031D2142C01260019F2BD /* LoginViewController.h */,
				9EB031D3142C01260019F2BD /* LoginViewController.m */,
				9EB031D4142C01260019F2BD /* LoginViewController.xib */,
				9EB031BF142C01260019F2BD /* ProfileViewController.h */,
				9EB031C0142C01260019F2BD /* ProfileViewController.m */,
				9EB031C1142C01260019F2BD /* ProfileViewController.xib */,
				9EB031D5142C01260019F2BD /* Tag.h */,
				9EB031D6142C01260019F2BD /* Tag.m */,
				9EB031D7142C01260019F2BD /* TagDescriptorController.h */,
				9EB031D8142C01260019F2BD /* TagDescriptorController.m */,
				9EB031D9142C01260019F2BD /* TagDescriptorController.xib */,
				9EB031DC142C01260019F2BD /* TagViewController.h */,
				9EB031DD142C01260019F2BD /* TagViewController.m */,
				9EB031DE142C01260019F2BD /* TagViewController.xib */,
				9E91C6171480449E003567ED /* RaisedCenterTabBarController.h */,
				9E91C618148044A0003567ED /* RaisedCenterTabBarController.m */,
				9EB5F683148AADED00F403D1 /* MyStixViewController.h */,
				9EB5F684148AADED00F403D1 /* MyStixViewController.m */,
				9EB5F685148AADED00F403D1 /* MyStixViewController.xib */,
			);
			path = Classes;
			sourceTree = "<group>";
		};
		9EB031FF142C01340019F2BD /* images */ = {
			isa = PBXGroup;
			children = (
				9E83C91C148B022100063D43 /* empty_leaf.png */,
				9E83C91D148B022100063D43 /* leaf_big.png */,
				9E83C91E148B022100063D43 /* leaf.png */,
				9EB5F68E148AC1CE00F403D1 /* empty_heart.png */,
				9EB5F68F148AC1CE00F403D1 /* empty_leaf.png */,
				9EB5F68C148ABBF000F403D1 /* heart_big.png */,
				9EC6DC36148C7C5500C7A538 /* graphic_rules_fire.png */,
				9EC6DC37148C7C5500C7A538 /* graphic_rules_heart.png */,
				9EC6DC38148C7C5500C7A538 /* graphic_rules_ice.png */,
				9EC6DC39148C7C5500C7A538 /* graphic_rules_leaf.png */,
				9E83C92F148B38F100063D43 /* graphic_nopic2.png */,
				9EC6DC31148C788800C7A538 /* txt_actionstix.png */,
				9EC6DC32148C788800C7A538 /* txt_rewardstix.png */,
				9EB5F681148AAD7A00F403D1 /* tab_mystix.png */,
				9EB5F67F148AA7C000F403D1 /* graphic_nopic.png */,
				9E7519ED1488AB71008F4E2A /* fire_load_side1.png */,
				9E7519EE1488AB71008F4E2A /* fire_load_side2.png */,
				9E7519EF1488AB71008F4E2A /* fire_load_side3.png */,
				9E7519F01488AB71008F4E2A /* fire_load_side4.png */,
				9E7519F11488AB71008F4E2A /* fire_load_side5.png */,
				9E54BAC214874D0C006F24B6 /* btn_join_small.png */,
				9E54BAC314874D0C006F24B6 /* btn_login_small.png */,
				9E54BAC414874D0C006F24B6 /* graphic_addpic.png */,
				9E54BAC514874D0C006F24B6 /* settings.png */,
				9E54BABE1487377E006F24B6 /* btn_join.png */,
				9E54BABF1487377E006F24B6 /* btn_login.png */,
				9EF297851485F5BE00B1782C /* arrow.png */,
				9EF297861485F5BE00B1782C /* input.png */,
				9EF297811485F4FC00B1782C /* nav_back.png */,
				9EF297821485F4FC00B1782C /* nav_done.png */,
				9EF2977F1485F3B200B1782C /* dark_cell.png */,
				9EF297771485C44D00B1782C /* fire_load1.png */,
				9EF297781485C44D00B1782C /* fire_load2.png */,
				9EF297791485C44D00B1782C /* fire_load3.png */,
				9EF2977A1485C44D00B1782C /* fire_load4.png */,
				9EF297711485B9D400B1782C /* load_bkg.png */,
				9E91C615147FA1A7003567ED /* dropshadow_140.png */,
				9E91C608147EC624003567ED /* dropshadow_300.png */,
				9EAF617F145B58BE00CBAC8D /* emptyuser.png */,
				9ECD52351457D1E1005CFDBB /* tab_location.png */,
				9E6404A41456DC680051EB4D /* dropshadow_small.png */,
				9E64049C14566F840051EB4D /* instruction_box.png */,
				9E64049A14566F7A0051EB4D /* dropshadow.png */,
				9EB8B52E144E43160066ADB2 /* overlay.png */,
				9EB8B50414464D5C0066ADB2 /* nav_bar.png */,
				9EC4337A14392C3B002D095B /* logo.png */,
				9EB03201142C01340019F2BD /* comment.png */,
				9E91C61E14817820003567ED /* textured_background.png */,
				9EB03203142C01340019F2BD /* empty.png */,
				9EB03204142C01340019F2BD /* fire.png */,
				9EB03205142C01340019F2BD /* fire_big.png */,
				9EB03207142C01340019F2BD /* friend1.png */,
				9EB03208142C01340019F2BD /* friend2.png */,
				9EB03209142C01340019F2BD /* friend3.png */,
				9EB0320A142C01340019F2BD /* friend4.png */,
				9EB0320B142C01340019F2BD /* ice.png */,
				9EB0320C142C01340019F2BD /* ice_big.png */,
				9EB0320E142C01340019F2BD /* icon_114.png */,
				9EB0320F142C01340019F2BD /* icon_57.png */,
				9EB03210142C01340019F2BD /* location.png */,
				9EB03211142C01340019F2BD /* shelf.png */,
				9EB03212142C01340019F2BD /* splash.png */,
				9EB03213142C01340019F2BD /* stixx.png */,
				9EB03214142C01340019F2BD /* stixx_feed.jpg */,
				9EB03215142C01340019F2BD /* stixx_friends.jpg */,
				9E64049E14566F8B0051EB4D /* tab_addstix.png */,
				9E6404AC1456E40F0051EB4D /* tab_addstix_small.png */,
				9EB03216142C01340019F2BD /* tab_feed.png */,
				9EB03217142C01340019F2BD /* tab_find.png */,
				9EB03218142C01340019F2BD /* tab_friends.png */,
				9EB03219142C01340019F2BD /* tab_me.png */,
				9EB0321A142C01340019F2BD /* tab_world.png */,
			);
			path = images;
			sourceTree = "<group>";
		};
/* End PBXGroup section */

/* Begin PBXNativeTarget section */
		9EB0316D142C002E0019F2BD /* Stixx */ = {
			isa = PBXNativeTarget;
			buildConfigurationList = 9EB031AB142C002F0019F2BD /* Build configuration list for PBXNativeTarget "Stixx" */;
			buildPhases = (
				9EB0316A142C002E0019F2BD /* Sources */,
				9EB0316B142C002E0019F2BD /* Frameworks */,
				9EB0316C142C002E0019F2BD /* Resources */,
			);
			buildRules = (
			);
			dependencies = (
			);
			name = Stixx;
			productName = Stixx;
			productReference = 9EB0316E142C002E0019F2BD /* Stix.app */;
			productType = "com.apple.product-type.application";
		};
		9EB03196142C002E0019F2BD /* StixxTests */ = {
			isa = PBXNativeTarget;
			buildConfigurationList = 9EB031AE142C002F0019F2BD /* Build configuration list for PBXNativeTarget "StixxTests" */;
			buildPhases = (
				9EB03192142C002E0019F2BD /* Sources */,
				9EB03193142C002E0019F2BD /* Frameworks */,
				9EB03194142C002E0019F2BD /* Resources */,
				9EB03195142C002E0019F2BD /* ShellScript */,
			);
			buildRules = (
			);
			dependencies = (
				9EB0319E142C002E0019F2BD /* PBXTargetDependency */,
			);
			name = StixxTests;
			productName = StixxTests;
			productReference = 9EB03197142C002E0019F2BD /* StixxTests.octest */;
			productType = "com.apple.product-type.bundle";
		};
/* End PBXNativeTarget section */

/* Begin PBXProject section */
		9EB03165142C002E0019F2BD /* Project object */ = {
			isa = PBXProject;
			attributes = {
				LastUpgradeCheck = 0410;
			};
			buildConfigurationList = 9EB03168142C002E0019F2BD /* Build configuration list for PBXProject "Stixx" */;
			compatibilityVersion = "Xcode 3.2";
			developmentRegion = English;
			hasScannedForEncodings = 0;
			knownRegions = (
				en,
			);
			mainGroup = 9EB03163142C002E0019F2BD;
			productRefGroup = 9EB0316F142C002E0019F2BD /* Products */;
			projectDirPath = "";
			projectRoot = "";
			targets = (
				9EB0316D142C002E0019F2BD /* Stixx */,
				9EB03196142C002E0019F2BD /* StixxTests */,
			);
		};
/* End PBXProject section */

/* Begin PBXResourcesBuildPhase section */
		9EB0316C142C002E0019F2BD /* Resources */ = {
			isa = PBXResourcesBuildPhase;
			buildActionMask = 2147483647;
			files = (
				9EB0317D142C002E0019F2BD /* InfoPlist.strings in Resources */,
				9EB03191142C002E0019F2BD /* MainWindow_iPad.xib in Resources */,
				9EB031EA142C01260019F2BD /* ProfileViewController.xib in Resources */,
				9EB031EC142C01260019F2BD /* FeedItemViewController.xib in Resources */,
				9EB031EE142C01260019F2BD /* FeedViewController.xib in Resources */,
				9EB031F6142C01260019F2BD /* LoginViewController.xib in Resources */,
				9EB031F9142C01260019F2BD /* TagDescriptorController.xib in Resources */,
				9EB031FC142C01260019F2BD /* TagViewController.xib in Resources */,
				9EB0321C142C01340019F2BD /* comment.png in Resources */,
				9EB0321E142C01340019F2BD /* empty.png in Resources */,
				9EB0321F142C01340019F2BD /* fire.png in Resources */,
				9EB03220142C01340019F2BD /* fire_big.png in Resources */,
				9EB03222142C01340019F2BD /* friend1.png in Resources */,
				9EB03223142C01340019F2BD /* friend2.png in Resources */,
				9EB03224142C01340019F2BD /* friend3.png in Resources */,
				9EB03225142C01340019F2BD /* friend4.png in Resources */,
				9EB03226142C01340019F2BD /* ice.png in Resources */,
				9EB03227142C01340019F2BD /* ice_big.png in Resources */,
				9EB03229142C01340019F2BD /* icon_114.png in Resources */,
				9EB0322B142C01340019F2BD /* location.png in Resources */,
				9EB0322C142C01340019F2BD /* shelf.png in Resources */,
				9EB0322D142C01340019F2BD /* splash.png in Resources */,
				9EB0322E142C01340019F2BD /* stixx.png in Resources */,
				9EB0322F142C01340019F2BD /* stixx_feed.jpg in Resources */,
				9EB03230142C01340019F2BD /* stixx_friends.jpg in Resources */,
				9EB03231142C01340019F2BD /* tab_feed.png in Resources */,
				9EB03232142C01340019F2BD /* tab_find.png in Resources */,
				9EB03233142C01340019F2BD /* tab_friends.png in Resources */,
				9EB03234142C01340019F2BD /* tab_me.png in Resources */,
				9EB03235142C01340019F2BD /* tab_world.png in Resources */,
				9EC4337B14392C3B002D095B /* logo.png in Resources */,
				9EB8B50514464D5C0066ADB2 /* nav_bar.png in Resources */,
				9EB8B52F144E43160066ADB2 /* overlay.png in Resources */,
				9EB5FA25144FE5E100B3B0BA /* FriendsViewController.xib in Resources */,
				9E64049B14566F7A0051EB4D /* dropshadow.png in Resources */,
				9E64049D14566F840051EB4D /* instruction_box.png in Resources */,
				9E64049F14566F8B0051EB4D /* tab_addstix.png in Resources */,
				9E6404A51456DC680051EB4D /* dropshadow_small.png in Resources */,
				9E6404AD1456E40F0051EB4D /* tab_addstix_small.png in Resources */,
				9ECD52341457BF33005CFDBB /* ExploreViewController.xib in Resources */,
				9ECD52361457D1E1005CFDBB /* tab_location.png in Resources */,
				9ECD5241145A3651005CFDBB /* ToDoList in Resources */,
				9EAF6180145B58BE00CBAC8D /* emptyuser.png in Resources */,
				9E3BE07A1463673200F7B763 /* MainWindow_iPhone.xib in Resources */,
				9EF173BE146A10580073F83B /* Default.png in Resources */,
				9EF173C0146A10700073F83B /* icon_57.png in Resources */,
				9E91C607147EADDF003567ED /* ZoomViewController.xib in Resources */,
				9E91C609147EC624003567ED /* dropshadow_300.png in Resources */,
				9E91C616147FA1A7003567ED /* dropshadow_140.png in Resources */,
				9E91C61F14817820003567ED /* textured_background.png in Resources */,
				9EF297721485B9D400B1782C /* load_bkg.png in Resources */,
				9EF2977B1485C44D00B1782C /* fire_load1.png in Resources */,
				9EF2977C1485C44D00B1782C /* fire_load2.png in Resources */,
				9EF2977D1485C44D00B1782C /* fire_load3.png in Resources */,
				9EF2977E1485C44D00B1782C /* fire_load4.png in Resources */,
				9EF297801485F3B200B1782C /* dark_cell.png in Resources */,
				9EF297831485F4FC00B1782C /* nav_back.png in Resources */,
				9EF297841485F4FC00B1782C /* nav_done.png in Resources */,
				9EF297871485F5BE00B1782C /* arrow.png in Resources */,
				9EF297881485F5BE00B1782C /* input.png in Resources */,
				9EF2979C1487347C00B1782C /* LoginSplashController.xib in Resources */,
				9E54BAC01487377E006F24B6 /* btn_join.png in Resources */,
				9E54BAC11487377E006F24B6 /* btn_login.png in Resources */,
				9E54BAC614874D0D006F24B6 /* btn_join_small.png in Resources */,
				9E54BAC714874D0D006F24B6 /* btn_login_small.png in Resources */,
				9E54BAC814874D0D006F24B6 /* graphic_addpic.png in Resources */,
				9E54BAC914874D0D006F24B6 /* settings.png in Resources */,
				9E7519F21488AB71008F4E2A /* fire_load_side1.png in Resources */,
				9E7519F31488AB71008F4E2A /* fire_load_side2.png in Resources */,
				9E7519F41488AB71008F4E2A /* fire_load_side3.png in Resources */,
				9E7519F51488AB71008F4E2A /* fire_load_side4.png in Resources */,
				9E7519F61488AB71008F4E2A /* fire_load_side5.png in Resources */,
				9EB5F680148AA7C000F403D1 /* graphic_nopic.png in Resources */,
				9EB5F682148AAD7A00F403D1 /* tab_mystix.png in Resources */,
				9EB5F687148AADED00F403D1 /* MyStixViewController.xib in Resources */,
				9EB5F68D148ABBF000F403D1 /* heart_big.png in Resources */,
				9EB5F690148AC1CE00F403D1 /* empty_heart.png in Resources */,
				9EB5F691148AC1CE00F403D1 /* empty_leaf.png in Resources */,
				9E83C91F148B022100063D43 /* empty_leaf.png in Resources */,
				9E83C920148B022100063D43 /* leaf_big.png in Resources */,
				9E83C921148B022100063D43 /* leaf.png in Resources */,
				9E83C930148B38F100063D43 /* graphic_nopic2.png in Resources */,
				9EC6DC33148C788800C7A538 /* txt_actionstix.png in Resources */,
				9EC6DC34148C788800C7A538 /* txt_rewardstix.png in Resources */,
				9EC6DC3A148C7C5500C7A538 /* graphic_rules_fire.png in Resources */,
				9EC6DC3B148C7C5500C7A538 /* graphic_rules_heart.png in Resources */,
				9EC6DC3C148C7C5500C7A538 /* graphic_rules_ice.png in Resources */,
				9EC6DC3D148C7C5500C7A538 /* graphic_rules_leaf.png in Resources */,
			);
			runOnlyForDeploymentPostprocessing = 0;
		};
		9EB03194142C002E0019F2BD /* Resources */ = {
			isa = PBXResourcesBuildPhase;
			buildActionMask = 2147483647;
			files = (
				9EB031A4142C002E0019F2BD /* InfoPlist.strings in Resources */,
				9EB031A6142C002E0019F2BD /* StixxTests.h in Resources */,
			);
			runOnlyForDeploymentPostprocessing = 0;
		};
/* End PBXResourcesBuildPhase section */

/* Begin PBXShellScriptBuildPhase section */
		9EB03195142C002E0019F2BD /* ShellScript */ = {
			isa = PBXShellScriptBuildPhase;
			buildActionMask = 2147483647;
			files = (
			);
			inputPaths = (
			);
			outputPaths = (
			);
			runOnlyForDeploymentPostprocessing = 0;
			shellPath = /bin/sh;
			shellScript = "# Run the unit tests in this test bundle.\n\"${SYSTEM_DEVELOPER_DIR}/Tools/RunUnitTests\"\n";
		};
/* End PBXShellScriptBuildPhase section */

/* Begin PBXSourcesBuildPhase section */
		9EB0316A142C002E0019F2BD /* Sources */ = {
			isa = PBXSourcesBuildPhase;
			buildActionMask = 2147483647;
			files = (
				9EB0317F142C002E0019F2BD /* main.m in Sources */,
				9EB03183142C002E0019F2BD /* StixxAppDelegate.m in Sources */,
				9EB0318E142C002E0019F2BD /* StixxAppDelegate_iPad.m in Sources */,
				9EB031E2142C01260019F2BD /* ARCoordinate.m in Sources */,
				9EB031E4142C01260019F2BD /* ARViewController.m in Sources */,
				9EB031E5142C01260019F2BD /* BadgeView.m in Sources */,
				9EB031E9142C01260019F2BD /* ProfileViewController.m in Sources */,
				9EB031EB142C01260019F2BD /* FeedItemViewController.m in Sources */,
				9EB031ED142C01260019F2BD /* FeedViewController.m in Sources */,
				9EB031F1142C01260019F2BD /* FileHelpers.m in Sources */,
				9EB031F4142C01260019F2BD /* ImageCache.m in Sources */,
				9EB031F5142C01260019F2BD /* LoginViewController.m in Sources */,
				9EB031F7142C01260019F2BD /* Tag.m in Sources */,
				9EB031F8142C01260019F2BD /* TagDescriptorController.m in Sources */,
				9EB031FB142C01260019F2BD /* TagViewController.m in Sources */,
				9EB03249142C05D20019F2BD /* BTLFullScreenCameraController.m in Sources */,
				9EB5FA24144FE5E100B3B0BA /* FriendsViewController.m in Sources */,
				9ECD52331457BF33005CFDBB /* ExploreViewController.m in Sources */,
				9ECF1C5F145DD4DD00B7F7F1 /* PagedScrollView.m in Sources */,
				9E5383761460C13D00C1D354 /* UIImage+Alpha.m in Sources */,
				9E5383771460C13D00C1D354 /* UIImage+Resize.m in Sources */,
				9E5383781460C13D00C1D354 /* UIImage+RoundedCorner.m in Sources */,
				9E3BE07B1463673200F7B763 /* StixxAppDelegate_iPhone.m in Sources */,
				9EF173C3146D01F60073F83B /* OutlineLabel.m in Sources */,
				9E91C606147EADDF003567ED /* ZoomViewController.m in Sources */,
				9E91C613147F8782003567ED /* Kumulos.m in Sources */,
				9E91C619148044A2003567ED /* RaisedCenterTabBarController.m in Sources */,
				9EF297761485BAEF00B1782C /* LoadingAnimationView.m in Sources */,
				9EF2979B1487347C00B1782C /* LoginSplashController.m in Sources */,
				9EB5F686148AADED00F403D1 /* MyStixViewController.m in Sources */,
			);
			runOnlyForDeploymentPostprocessing = 0;
		};
		9EB03192142C002E0019F2BD /* Sources */ = {
			isa = PBXSourcesBuildPhase;
			buildActionMask = 2147483647;
			files = (
				9EB031A8142C002F0019F2BD /* StixxTests.m in Sources */,
			);
			runOnlyForDeploymentPostprocessing = 0;
		};
/* End PBXSourcesBuildPhase section */

/* Begin PBXTargetDependency section */
		9EB0319E142C002E0019F2BD /* PBXTargetDependency */ = {
			isa = PBXTargetDependency;
			target = 9EB0316D142C002E0019F2BD /* Stixx */;
			targetProxy = 9EB0319D142C002E0019F2BD /* PBXContainerItemProxy */;
		};
/* End PBXTargetDependency section */

/* Begin PBXVariantGroup section */
		9E3BE0761463673200F7B763 /* MainWindow_iPhone.xib */ = {
			isa = PBXVariantGroup;
			children = (
				9E3BE0771463673200F7B763 /* en */,
			);
			name = MainWindow_iPhone.xib;
			sourceTree = "<group>";
		};
		9EB0317B142C002E0019F2BD /* InfoPlist.strings */ = {
			isa = PBXVariantGroup;
			children = (
				9EB0317C142C002E0019F2BD /* en */,
			);
			name = InfoPlist.strings;
			sourceTree = "<group>";
		};
		9EB0318F142C002E0019F2BD /* MainWindow_iPad.xib */ = {
			isa = PBXVariantGroup;
			children = (
				9EB03190142C002E0019F2BD /* en */,
			);
			name = MainWindow_iPad.xib;
			sourceTree = "<group>";
		};
		9EB031A2142C002E0019F2BD /* InfoPlist.strings */ = {
			isa = PBXVariantGroup;
			children = (
				9EB031A3142C002E0019F2BD /* en */,
			);
			name = InfoPlist.strings;
			sourceTree = "<group>";
		};
/* End PBXVariantGroup section */

/* Begin XCBuildConfiguration section */
		9EB031A9142C002F0019F2BD /* Debug */ = {
			isa = XCBuildConfiguration;
			buildSettings = {
				ALWAYS_SEARCH_USER_PATHS = NO;
				ARCHS = "$(ARCHS_STANDARD_32_BIT)";
				CODE_SIGN_IDENTITY = "iPhone Developer";
				"CODE_SIGN_IDENTITY[sdk=iphoneos*]" = "iPhone Developer";
				COPY_PHASE_STRIP = NO;
				GCC_C_LANGUAGE_STANDARD = gnu99;
				GCC_DYNAMIC_NO_PIC = NO;
				GCC_OPTIMIZATION_LEVEL = 0;
				GCC_PREPROCESSOR_DEFINITIONS = (
					"DEBUG=1",
					"$(inherited)",
				);
				GCC_SYMBOLS_PRIVATE_EXTERN = NO;
				GCC_VERSION = com.apple.compilers.llvmgcc42;
				GCC_WARN_ABOUT_MISSING_PROTOTYPES = YES;
				GCC_WARN_ABOUT_RETURN_TYPE = YES;
				GCC_WARN_UNUSED_VARIABLE = YES;
				IPHONEOS_DEPLOYMENT_TARGET = 4.3;
				PRODUCT_NAME = Stix;
				PROVISIONING_PROFILE = "";
				"PROVISIONING_PROFILE[sdk=iphoneos*]" = "";
				SDKROOT = iphoneos;
				TARGETED_DEVICE_FAMILY = "1,2";
			};
			name = Debug;
		};
		9EB031AA142C002F0019F2BD /* Release */ = {
			isa = XCBuildConfiguration;
			buildSettings = {
				ALWAYS_SEARCH_USER_PATHS = NO;
				ARCHS = "$(ARCHS_STANDARD_32_BIT)";
				CODE_SIGN_IDENTITY = "iPhone Developer";
				"CODE_SIGN_IDENTITY[sdk=iphoneos*]" = "iPhone Developer";
				COPY_PHASE_STRIP = YES;
				GCC_C_LANGUAGE_STANDARD = gnu99;
				GCC_VERSION = com.apple.compilers.llvmgcc42;
				GCC_WARN_ABOUT_MISSING_PROTOTYPES = YES;
				GCC_WARN_ABOUT_RETURN_TYPE = YES;
				GCC_WARN_UNUSED_VARIABLE = YES;
				IPHONEOS_DEPLOYMENT_TARGET = 4.3;
				OTHER_CFLAGS = "-DNS_BLOCK_ASSERTIONS=1";
				PRODUCT_NAME = Stix;
				PROVISIONING_PROFILE = "";
				"PROVISIONING_PROFILE[sdk=iphoneos*]" = "";
				SDKROOT = iphoneos;
				TARGETED_DEVICE_FAMILY = "1,2";
				VALIDATE_PRODUCT = YES;
			};
			name = Release;
		};
		9EB031AC142C002F0019F2BD /* Debug */ = {
			isa = XCBuildConfiguration;
			buildSettings = {
				GCC_PRECOMPILE_PREFIX_HEADER = YES;
				GCC_PREFIX_HEADER = "Stixx/Stixx-Prefix.pch";
				HEADER_SEARCH_PATHS = (
					"\"$(SRCROOT)/Foursquare2\"",
					"\"$(SRCROOT)/Foursquare2/HTTPRiot\"/**",
					"\"$(SRCROOT)/Foursquare2-iOS\"",
					"\"$(SDKROOT)/usr/include/libxml2\"",
				);
				INFOPLIST_FILE = "Stixx/Stixx-Info.plist";
				LIBRARY_SEARCH_PATHS = (
					"$(inherited)",
					"\"$(SRCROOT)/Stixx\"",
					"\"$(SRCROOT)/Stixx/Classes/stixxBindings\"",
				);
				PRODUCT_NAME = Stix;
				WRAPPER_EXTENSION = app;
			};
			name = Debug;
		};
		9EB031AD142C002F0019F2BD /* Release */ = {
			isa = XCBuildConfiguration;
			buildSettings = {
				GCC_PRECOMPILE_PREFIX_HEADER = YES;
				GCC_PREFIX_HEADER = "Stixx/Stixx-Prefix.pch";
				HEADER_SEARCH_PATHS = (
					"\"$(SRCROOT)/Foursquare2\"",
					"\"$(SRCROOT)/Foursquare2/HTTPRiot\"/**",
					"\"$(SRCROOT)/Foursquare2-iOS\"",
					"\"$(SDKROOT)/usr/include/libxml2\"",
				);
				INFOPLIST_FILE = "Stixx/Stixx-Info.plist";
				LIBRARY_SEARCH_PATHS = (
					"$(inherited)",
					"\"$(SRCROOT)/Stixx\"",
					"\"$(SRCROOT)/Stixx/Classes/stixxBindings\"",
				);
				PRODUCT_NAME = Stix;
				WRAPPER_EXTENSION = app;
			};
			name = Release;
		};
		9EB031AF142C002F0019F2BD /* Debug */ = {
			isa = XCBuildConfiguration;
			buildSettings = {
				BUNDLE_LOADER = "$(BUILT_PRODUCTS_DIR)/Stixx.app/Stixx";
				FRAMEWORK_SEARCH_PATHS = (
					"$(SDKROOT)/Developer/Library/Frameworks",
					"$(DEVELOPER_LIBRARY_DIR)/Frameworks",
				);
				GCC_PRECOMPILE_PREFIX_HEADER = YES;
				GCC_PREFIX_HEADER = "Stixx/Stixx-Prefix.pch";
				INFOPLIST_FILE = "StixxTests/StixxTests-Info.plist";
				PRODUCT_NAME = "$(TARGET_NAME)";
				TEST_HOST = "$(BUNDLE_LOADER)";
				WRAPPER_EXTENSION = octest;
			};
			name = Debug;
		};
		9EB031B0142C002F0019F2BD /* Release */ = {
			isa = XCBuildConfiguration;
			buildSettings = {
				BUNDLE_LOADER = "$(BUILT_PRODUCTS_DIR)/Stixx.app/Stixx";
				FRAMEWORK_SEARCH_PATHS = (
					"$(SDKROOT)/Developer/Library/Frameworks",
					"$(DEVELOPER_LIBRARY_DIR)/Frameworks",
				);
				GCC_PRECOMPILE_PREFIX_HEADER = YES;
				GCC_PREFIX_HEADER = "Stixx/Stixx-Prefix.pch";
				INFOPLIST_FILE = "StixxTests/StixxTests-Info.plist";
				PRODUCT_NAME = "$(TARGET_NAME)";
				TEST_HOST = "$(BUNDLE_LOADER)";
				WRAPPER_EXTENSION = octest;
			};
			name = Release;
		};
/* End XCBuildConfiguration section */

/* Begin XCConfigurationList section */
		9EB03168142C002E0019F2BD /* Build configuration list for PBXProject "Stixx" */ = {
			isa = XCConfigurationList;
			buildConfigurations = (
				9EB031A9142C002F0019F2BD /* Debug */,
				9EB031AA142C002F0019F2BD /* Release */,
			);
			defaultConfigurationIsVisible = 0;
			defaultConfigurationName = Release;
		};
		9EB031AB142C002F0019F2BD /* Build configuration list for PBXNativeTarget "Stixx" */ = {
			isa = XCConfigurationList;
			buildConfigurations = (
				9EB031AC142C002F0019F2BD /* Debug */,
				9EB031AD142C002F0019F2BD /* Release */,
			);
			defaultConfigurationIsVisible = 0;
			defaultConfigurationName = Release;
		};
		9EB031AE142C002F0019F2BD /* Build configuration list for PBXNativeTarget "StixxTests" */ = {
			isa = XCConfigurationList;
			buildConfigurations = (
				9EB031AF142C002F0019F2BD /* Debug */,
				9EB031B0142C002F0019F2BD /* Release */,
			);
			defaultConfigurationIsVisible = 0;
			defaultConfigurationName = Release;
		};
/* End XCConfigurationList section */
	};
	rootObject = 9EB03165142C002E0019F2BD /* Project object */;
}
